// !$*UTF8*$!
{
	archiveVersion = 1;
	classes = {
	};
	objectVersion = 46;
	objects = {

/* Begin PBXBuildFile section */
		561772711CC2DC8700AC27F2 /* TipDataTypes.swift in Sources */ = {isa = PBXBuildFile; fileRef = 561772701CC2DC8700AC27F2 /* TipDataTypes.swift */; };
		565A88CE1D1DD4F400B11B3F /* TipPresenter.swift in Sources */ = {isa = PBXBuildFile; fileRef = 565A88CD1D1DD4F400B11B3F /* TipPresenter.swift */; };
		5664E59A1CDEBDBB00082AB7 /* Launch Screen.storyboard in Resources */ = {isa = PBXBuildFile; fileRef = 5664E5991CDEBDBB00082AB7 /* Launch Screen.storyboard */; };
		5671C9881AB79E9D00952EEB /* AppDelegate.swift in Sources */ = {isa = PBXBuildFile; fileRef = 5671C9871AB79E9D00952EEB /* AppDelegate.swift */; };
		5671C98F1AB79E9D00952EEB /* Images.xcassets in Resources */ = {isa = PBXBuildFile; fileRef = 5671C98E1AB79E9D00952EEB /* Images.xcassets */; };
		5671C9AA1AB79F0500952EEB /* ViewController.swift in Sources */ = {isa = PBXBuildFile; fileRef = 5671C9A71AB79F0500952EEB /* ViewController.swift */; };
		5671C9AC1AB79F0500952EEB /* Main.storyboard in Resources */ = {isa = PBXBuildFile; fileRef = 5671C9A91AB79F0500952EEB /* Main.storyboard */; };
		5689BBE21ACF66D4003B4621 /* InfoViewController.swift in Sources */ = {isa = PBXBuildFile; fileRef = 5689BBE11ACF66D4003B4621 /* InfoViewController.swift */; };
		569263BD1CDD8761008D6EEA /* Let_Me_Tip_UITests.swift in Sources */ = {isa = PBXBuildFile; fileRef = 569263BC1CDD8761008D6EEA /* Let_Me_Tip_UITests.swift */; };
		569263C51CDD8B3C008D6EEA /* SnapshotHelper.swift in Sources */ = {isa = PBXBuildFile; fileRef = 569263C41CDD8B3C008D6EEA /* SnapshotHelper.swift */; };
		56B323F71D40488600EFD218 /* TipInterfaceController.swift in Sources */ = {isa = PBXBuildFile; fileRef = 56B323F61D40488600EFD218 /* TipInterfaceController.swift */; };
		56B323F91D40496200EFD218 /* TaxInterfaceController.swift in Sources */ = {isa = PBXBuildFile; fileRef = 56B323F81D40496200EFD218 /* TaxInterfaceController.swift */; };
		56BD22691B522A5000051358 /* TipCalculatorModel.swift in Sources */ = {isa = PBXBuildFile; fileRef = 56BD22681B522A5000051358 /* TipCalculatorModel.swift */; };
		56FDA3231D2E95F9008B377A /* Interface.storyboard in Resources */ = {isa = PBXBuildFile; fileRef = 56FDA3211D2E95F9008B377A /* Interface.storyboard */; };
		56FDA3251D2E95F9008B377A /* Assets.xcassets in Resources */ = {isa = PBXBuildFile; fileRef = 56FDA3241D2E95F9008B377A /* Assets.xcassets */; };
		56FDA32C1D2E95FA008B377A /* Watch Extension.appex in Embed App Extensions */ = {isa = PBXBuildFile; fileRef = 56FDA32B1D2E95FA008B377A /* Watch Extension.appex */; settings = {ATTRIBUTES = (RemoveHeadersOnCopy, ); }; };
		56FDA3311D2E95FA008B377A /* ReceiptInterfaceController.swift in Sources */ = {isa = PBXBuildFile; fileRef = 56FDA3301D2E95FA008B377A /* ReceiptInterfaceController.swift */; };
		56FDA3331D2E95FA008B377A /* ExtensionDelegate.swift in Sources */ = {isa = PBXBuildFile; fileRef = 56FDA3321D2E95FA008B377A /* ExtensionDelegate.swift */; };
		56FDA3351D2E95FA008B377A /* ComplicationController.swift in Sources */ = {isa = PBXBuildFile; fileRef = 56FDA3341D2E95FA008B377A /* ComplicationController.swift */; };
		56FDA3371D2E95FA008B377A /* Assets.xcassets in Resources */ = {isa = PBXBuildFile; fileRef = 56FDA3361D2E95FA008B377A /* Assets.xcassets */; };
		56FDA33B1D2E95FA008B377A /* Watch.app in Embed Watch Content */ = {isa = PBXBuildFile; fileRef = 56FDA31F1D2E95F9008B377A /* Watch.app */; };
		56FDA3431D352991008B377A /* TipCalculatorModel.swift in Sources */ = {isa = PBXBuildFile; fileRef = 56BD22681B522A5000051358 /* TipCalculatorModel.swift */; };
		56FDA3441D352994008B377A /* TipDataTypes.swift in Sources */ = {isa = PBXBuildFile; fileRef = 561772701CC2DC8700AC27F2 /* TipDataTypes.swift */; };
		56FDA3451D352998008B377A /* TipPresenter.swift in Sources */ = {isa = PBXBuildFile; fileRef = 565A88CD1D1DD4F400B11B3F /* TipPresenter.swift */; };
		73BD0F13A9EF2C3C822EE906 /* Pods_Let_Me_Tip.framework in Frameworks */ = {isa = PBXBuildFile; fileRef = 49947F3529C7F554F4CF9D05 /* Pods_Let_Me_Tip.framework */; };
/* End PBXBuildFile section */

/* Begin PBXContainerItemProxy section */
		569263BF1CDD8761008D6EEA /* PBXContainerItemProxy */ = {
			isa = PBXContainerItemProxy;
			containerPortal = 5671C97A1AB79E9D00952EEB /* Project object */;
			proxyType = 1;
			remoteGlobalIDString = 5671C9811AB79E9D00952EEB;
			remoteInfo = "Let Me Tip";
		};
		56FDA32D1D2E95FA008B377A /* PBXContainerItemProxy */ = {
			isa = PBXContainerItemProxy;
			containerPortal = 5671C97A1AB79E9D00952EEB /* Project object */;
			proxyType = 1;
			remoteGlobalIDString = 56FDA32A1D2E95FA008B377A;
			remoteInfo = "Watch Extension";
		};
		56FDA3391D2E95FA008B377A /* PBXContainerItemProxy */ = {
			isa = PBXContainerItemProxy;
			containerPortal = 5671C97A1AB79E9D00952EEB /* Project object */;
			proxyType = 1;
			remoteGlobalIDString = 56FDA31E1D2E95F9008B377A;
			remoteInfo = Watch;
		};
/* End PBXContainerItemProxy section */

/* Begin PBXCopyFilesBuildPhase section */
		561ACD631AD4B3190090849A /* Embed Frameworks */ = {
			isa = PBXCopyFilesBuildPhase;
			buildActionMask = 2147483647;
			dstPath = "";
			dstSubfolderSpec = 10;
			files = (
			);
			name = "Embed Frameworks";
			runOnlyForDeploymentPostprocessing = 0;
		};
		56BD22671B522A1F00051358 /* Embed Watch Content */ = {
			isa = PBXCopyFilesBuildPhase;
			buildActionMask = 2147483647;
			dstPath = "$(CONTENTS_FOLDER_PATH)/Watch";
			dstSubfolderSpec = 16;
			files = (
				56FDA33B1D2E95FA008B377A /* Watch.app in Embed Watch Content */,
			);
			name = "Embed Watch Content";
			runOnlyForDeploymentPostprocessing = 0;
		};
		56FDA3411D2E95FA008B377A /* Embed App Extensions */ = {
			isa = PBXCopyFilesBuildPhase;
			buildActionMask = 2147483647;
			dstPath = "";
			dstSubfolderSpec = 13;
			files = (
				56FDA32C1D2E95FA008B377A /* Watch Extension.appex in Embed App Extensions */,
			);
			name = "Embed App Extensions";
			runOnlyForDeploymentPostprocessing = 0;
		};
/* End PBXCopyFilesBuildPhase section */

/* Begin PBXFileReference section */
		0E0309C99E00CF6F73DD8D61 /* Pods-Let Me Tip.debug.xcconfig */ = {isa = PBXFileReference; includeInIndex = 1; lastKnownFileType = text.xcconfig; name = "Pods-Let Me Tip.debug.xcconfig"; path = "Pods/Target Support Files/Pods-Let Me Tip/Pods-Let Me Tip.debug.xcconfig"; sourceTree = "<group>"; };
		3295EA1872E81B7C597E22DA /* libPods-Let Me Tip WatchKit App.a */ = {isa = PBXFileReference; explicitFileType = archive.ar; includeInIndex = 0; path = "libPods-Let Me Tip WatchKit App.a"; sourceTree = BUILT_PRODUCTS_DIR; };
		49947F3529C7F554F4CF9D05 /* Pods_Let_Me_Tip.framework */ = {isa = PBXFileReference; explicitFileType = wrapper.framework; includeInIndex = 0; path = Pods_Let_Me_Tip.framework; sourceTree = BUILT_PRODUCTS_DIR; };
		561772701CC2DC8700AC27F2 /* TipDataTypes.swift */ = {isa = PBXFileReference; fileEncoding = 4; lastKnownFileType = sourcecode.swift; path = TipDataTypes.swift; sourceTree = "<group>"; };
		5644E6391CD6A16B005AC506 /* bridging-header.h */ = {isa = PBXFileReference; lastKnownFileType = sourcecode.c.h; path = "bridging-header.h"; sourceTree = "<group>"; };
		565A88CD1D1DD4F400B11B3F /* TipPresenter.swift */ = {isa = PBXFileReference; fileEncoding = 4; lastKnownFileType = sourcecode.swift; path = TipPresenter.swift; sourceTree = "<group>"; };
		5664E5991CDEBDBB00082AB7 /* Launch Screen.storyboard */ = {isa = PBXFileReference; fileEncoding = 4; lastKnownFileType = file.storyboard; path = "Launch Screen.storyboard"; sourceTree = "<group>"; };
		5671C9821AB79E9D00952EEB /* Let Me Tip.app */ = {isa = PBXFileReference; explicitFileType = wrapper.application; includeInIndex = 0; path = "Let Me Tip.app"; sourceTree = BUILT_PRODUCTS_DIR; };
		5671C9861AB79E9D00952EEB /* Info.plist */ = {isa = PBXFileReference; lastKnownFileType = text.plist.xml; path = Info.plist; sourceTree = "<group>"; };
		5671C9871AB79E9D00952EEB /* AppDelegate.swift */ = {isa = PBXFileReference; lastKnownFileType = sourcecode.swift; path = AppDelegate.swift; sourceTree = "<group>"; };
		5671C98E1AB79E9D00952EEB /* Images.xcassets */ = {isa = PBXFileReference; lastKnownFileType = folder.assetcatalog; path = Images.xcassets; sourceTree = "<group>"; };
		5671C9A71AB79F0500952EEB /* ViewController.swift */ = {isa = PBXFileReference; fileEncoding = 4; lastKnownFileType = sourcecode.swift; path = ViewController.swift; sourceTree = "<group>"; };
		5671C9A91AB79F0500952EEB /* Main.storyboard */ = {isa = PBXFileReference; fileEncoding = 4; lastKnownFileType = file.storyboard; path = Main.storyboard; sourceTree = "<group>"; };
		5689BBDD1ACCDB20003B4621 /* Let Me Tip.entitlements */ = {isa = PBXFileReference; lastKnownFileType = text.xml; path = "Let Me Tip.entitlements"; sourceTree = "<group>"; };
		5689BBDE1ACCDBFE003B4621 /* Let Me Tip WatchKit Extension.entitlements */ = {isa = PBXFileReference; lastKnownFileType = text.xml; path = "Let Me Tip WatchKit Extension.entitlements"; sourceTree = "<group>"; };
		5689BBE11ACF66D4003B4621 /* InfoViewController.swift */ = {isa = PBXFileReference; fileEncoding = 4; lastKnownFileType = sourcecode.swift; path = InfoViewController.swift; sourceTree = "<group>"; };
		569263BA1CDD8760008D6EEA /* Let Me Tip UITests.xctest */ = {isa = PBXFileReference; explicitFileType = wrapper.cfbundle; includeInIndex = 0; path = "Let Me Tip UITests.xctest"; sourceTree = BUILT_PRODUCTS_DIR; };
		569263BC1CDD8761008D6EEA /* Let_Me_Tip_UITests.swift */ = {isa = PBXFileReference; lastKnownFileType = sourcecode.swift; path = Let_Me_Tip_UITests.swift; sourceTree = "<group>"; };
		569263BE1CDD8761008D6EEA /* Info.plist */ = {isa = PBXFileReference; lastKnownFileType = text.plist.xml; path = Info.plist; sourceTree = "<group>"; };
		569263C41CDD8B3C008D6EEA /* SnapshotHelper.swift */ = {isa = PBXFileReference; fileEncoding = 4; lastKnownFileType = sourcecode.swift; name = SnapshotHelper.swift; path = fastlane/SnapshotHelper.swift; sourceTree = SOURCE_ROOT; };
		56B323F61D40488600EFD218 /* TipInterfaceController.swift */ = {isa = PBXFileReference; fileEncoding = 4; lastKnownFileType = sourcecode.swift; path = TipInterfaceController.swift; sourceTree = "<group>"; };
		56B323F81D40496200EFD218 /* TaxInterfaceController.swift */ = {isa = PBXFileReference; fileEncoding = 4; lastKnownFileType = sourcecode.swift; path = TaxInterfaceController.swift; sourceTree = "<group>"; };
		56B323FA1D410C8800EFD218 /* Watch Extension.entitlements */ = {isa = PBXFileReference; lastKnownFileType = text.plist.entitlements; path = "Watch Extension.entitlements"; sourceTree = "<group>"; };
		56B323FB1D410C9800EFD218 /* Watch.entitlements */ = {isa = PBXFileReference; lastKnownFileType = text.plist.entitlements; path = Watch.entitlements; sourceTree = "<group>"; };
		56BD22681B522A5000051358 /* TipCalculatorModel.swift */ = {isa = PBXFileReference; fileEncoding = 4; lastKnownFileType = sourcecode.swift; path = TipCalculatorModel.swift; sourceTree = "<group>"; };
		56BD226C1B53533500051358 /* Let Me Tip WatchKit App.entitlements */ = {isa = PBXFileReference; lastKnownFileType = text.xml; path = "Let Me Tip WatchKit App.entitlements"; sourceTree = "<group>"; };
		56FDA31F1D2E95F9008B377A /* Watch.app */ = {isa = PBXFileReference; explicitFileType = wrapper.application; includeInIndex = 0; path = Watch.app; sourceTree = BUILT_PRODUCTS_DIR; };
		56FDA3221D2E95F9008B377A /* Base */ = {isa = PBXFileReference; lastKnownFileType = file.storyboard; name = Base; path = Base.lproj/Interface.storyboard; sourceTree = "<group>"; };
		56FDA3241D2E95F9008B377A /* Assets.xcassets */ = {isa = PBXFileReference; lastKnownFileType = folder.assetcatalog; path = Assets.xcassets; sourceTree = "<group>"; };
		56FDA3261D2E95F9008B377A /* Info.plist */ = {isa = PBXFileReference; lastKnownFileType = text.plist.xml; path = Info.plist; sourceTree = "<group>"; };
		56FDA32B1D2E95FA008B377A /* Watch Extension.appex */ = {isa = PBXFileReference; explicitFileType = "wrapper.app-extension"; includeInIndex = 0; path = "Watch Extension.appex"; sourceTree = BUILT_PRODUCTS_DIR; };
		56FDA3301D2E95FA008B377A /* ReceiptInterfaceController.swift */ = {isa = PBXFileReference; lastKnownFileType = sourcecode.swift; path = ReceiptInterfaceController.swift; sourceTree = "<group>"; };
		56FDA3321D2E95FA008B377A /* ExtensionDelegate.swift */ = {isa = PBXFileReference; lastKnownFileType = sourcecode.swift; path = ExtensionDelegate.swift; sourceTree = "<group>"; };
		56FDA3341D2E95FA008B377A /* ComplicationController.swift */ = {isa = PBXFileReference; lastKnownFileType = sourcecode.swift; path = ComplicationController.swift; sourceTree = "<group>"; };
		56FDA3361D2E95FA008B377A /* Assets.xcassets */ = {isa = PBXFileReference; lastKnownFileType = folder.assetcatalog; path = Assets.xcassets; sourceTree = "<group>"; };
		56FDA3381D2E95FA008B377A /* Info.plist */ = {isa = PBXFileReference; lastKnownFileType = text.plist.xml; path = Info.plist; sourceTree = "<group>"; };
		74943084FDBDCA0B730A5644 /* libPods-Let Me Tip WatchKit Extension.a */ = {isa = PBXFileReference; explicitFileType = archive.ar; includeInIndex = 0; path = "libPods-Let Me Tip WatchKit Extension.a"; sourceTree = BUILT_PRODUCTS_DIR; };
		ECA8736F8C06C16D2611A0D9 /* Pods-Let Me Tip.release.xcconfig */ = {isa = PBXFileReference; includeInIndex = 1; lastKnownFileType = text.xcconfig; name = "Pods-Let Me Tip.release.xcconfig"; path = "Pods/Target Support Files/Pods-Let Me Tip/Pods-Let Me Tip.release.xcconfig"; sourceTree = "<group>"; };
/* End PBXFileReference section */

/* Begin PBXFrameworksBuildPhase section */
		5671C97F1AB79E9D00952EEB /* Frameworks */ = {
			isa = PBXFrameworksBuildPhase;
			buildActionMask = 2147483647;
			files = (
				73BD0F13A9EF2C3C822EE906 /* Pods_Let_Me_Tip.framework in Frameworks */,
			);
			runOnlyForDeploymentPostprocessing = 0;
		};
		569263B71CDD8760008D6EEA /* Frameworks */ = {
			isa = PBXFrameworksBuildPhase;
			buildActionMask = 2147483647;
			files = (
			);
			runOnlyForDeploymentPostprocessing = 0;
		};
		56FDA3281D2E95FA008B377A /* Frameworks */ = {
			isa = PBXFrameworksBuildPhase;
			buildActionMask = 2147483647;
			files = (
			);
			runOnlyForDeploymentPostprocessing = 0;
		};
/* End PBXFrameworksBuildPhase section */

/* Begin PBXGroup section */
		5671C9791AB79E9D00952EEB = {
			isa = PBXGroup;
			children = (
				56FB61C41CC1A3F300D5BC57 /* Entitlements */,
				5671C9841AB79E9D00952EEB /* Let Me Tip */,
				569263BB1CDD8761008D6EEA /* Let Me Tip UITests */,
				56FDA32F1D2E95FA008B377A /* Watch Extension */,
				5671C9831AB79E9D00952EEB /* Products */,
				E18593754C3654E30365514A /* Pods */,
				63F9793E8EB6827371F6215E /* Frameworks */,
			);
			sourceTree = "<group>";
		};
		5671C9831AB79E9D00952EEB /* Products */ = {
			isa = PBXGroup;
			children = (
				5671C9821AB79E9D00952EEB /* Let Me Tip.app */,
				569263BA1CDD8760008D6EEA /* Let Me Tip UITests.xctest */,
				56FDA31F1D2E95F9008B377A /* Watch.app */,
				56FDA32B1D2E95FA008B377A /* Watch Extension.appex */,
			);
			name = Products;
			sourceTree = "<group>";
		};
		5671C9841AB79E9D00952EEB /* Let Me Tip */ = {
			isa = PBXGroup;
			children = (
				56BD22681B522A5000051358 /* TipCalculatorModel.swift */,
				561772701CC2DC8700AC27F2 /* TipDataTypes.swift */,
				565A88CD1D1DD4F400B11B3F /* TipPresenter.swift */,
				5671C9871AB79E9D00952EEB /* AppDelegate.swift */,
				5671C9A71AB79F0500952EEB /* ViewController.swift */,
				5689BBE11ACF66D4003B4621 /* InfoViewController.swift */,
				5671C9A91AB79F0500952EEB /* Main.storyboard */,
				5664E5991CDEBDBB00082AB7 /* Launch Screen.storyboard */,
				5671C98E1AB79E9D00952EEB /* Images.xcassets */,
				5671C9851AB79E9D00952EEB /* Supporting Files */,
			);
			path = "Let Me Tip";
			sourceTree = "<group>";
		};
		5671C9851AB79E9D00952EEB /* Supporting Files */ = {
			isa = PBXGroup;
			children = (
				5671C9861AB79E9D00952EEB /* Info.plist */,
				5644E6391CD6A16B005AC506 /* bridging-header.h */,
			);
			name = "Supporting Files";
			sourceTree = "<group>";
		};
		569263BB1CDD8761008D6EEA /* Let Me Tip UITests */ = {
			isa = PBXGroup;
			children = (
				56FDA3201D2E95F9008B377A /* Watch */,
				569263C41CDD8B3C008D6EEA /* SnapshotHelper.swift */,
				569263BC1CDD8761008D6EEA /* Let_Me_Tip_UITests.swift */,
				569263BE1CDD8761008D6EEA /* Info.plist */,
			);
			path = "Let Me Tip UITests";
			sourceTree = "<group>";
		};
		56FB61C41CC1A3F300D5BC57 /* Entitlements */ = {
			isa = PBXGroup;
			children = (
				56BD226C1B53533500051358 /* Let Me Tip WatchKit App.entitlements */,
				5689BBDE1ACCDBFE003B4621 /* Let Me Tip WatchKit Extension.entitlements */,
				5689BBDD1ACCDB20003B4621 /* Let Me Tip.entitlements */,
			);
			name = Entitlements;
			sourceTree = "<group>";
		};
		56FDA3201D2E95F9008B377A /* Watch */ = {
			isa = PBXGroup;
			children = (
				56B323FB1D410C9800EFD218 /* Watch.entitlements */,
				56FDA3211D2E95F9008B377A /* Interface.storyboard */,
				56FDA3241D2E95F9008B377A /* Assets.xcassets */,
				56FDA3261D2E95F9008B377A /* Info.plist */,
			);
			name = Watch;
			path = ../Watch;
			sourceTree = "<group>";
		};
		56FDA32F1D2E95FA008B377A /* Watch Extension */ = {
			isa = PBXGroup;
			children = (
				56B323FA1D410C8800EFD218 /* Watch Extension.entitlements */,
				56FDA3321D2E95FA008B377A /* ExtensionDelegate.swift */,
				56FDA3301D2E95FA008B377A /* ReceiptInterfaceController.swift */,
				56B323F61D40488600EFD218 /* TipInterfaceController.swift */,
				56B323F81D40496200EFD218 /* TaxInterfaceController.swift */,
				56FDA3341D2E95FA008B377A /* ComplicationController.swift */,
				56FDA3361D2E95FA008B377A /* Assets.xcassets */,
				56FDA3381D2E95FA008B377A /* Info.plist */,
			);
			path = "Watch Extension";
			sourceTree = "<group>";
		};
		63F9793E8EB6827371F6215E /* Frameworks */ = {
			isa = PBXGroup;
			children = (
				3295EA1872E81B7C597E22DA /* libPods-Let Me Tip WatchKit App.a */,
				74943084FDBDCA0B730A5644 /* libPods-Let Me Tip WatchKit Extension.a */,
				49947F3529C7F554F4CF9D05 /* Pods_Let_Me_Tip.framework */,
			);
			name = Frameworks;
			sourceTree = "<group>";
		};
		E18593754C3654E30365514A /* Pods */ = {
			isa = PBXGroup;
			children = (
				0E0309C99E00CF6F73DD8D61 /* Pods-Let Me Tip.debug.xcconfig */,
				ECA8736F8C06C16D2611A0D9 /* Pods-Let Me Tip.release.xcconfig */,
			);
			name = Pods;
			sourceTree = "<group>";
		};
/* End PBXGroup section */

/* Begin PBXNativeTarget section */
		5671C9811AB79E9D00952EEB /* Let Me Tip */ = {
			isa = PBXNativeTarget;
			buildConfigurationList = 5671C9A11AB79E9D00952EEB /* Build configuration list for PBXNativeTarget "Let Me Tip" */;
			buildPhases = (
				8243C6644280639751BEBD3C /* [CP] Check Pods Manifest.lock */,
				5671C97E1AB79E9D00952EEB /* Sources */,
				5671C97F1AB79E9D00952EEB /* Frameworks */,
				5671C9801AB79E9D00952EEB /* Resources */,
				561ACD631AD4B3190090849A /* Embed Frameworks */,
				56BD22671B522A1F00051358 /* Embed Watch Content */,
				FA735ECBDEB0ADFE468B9957 /* [CP] Embed Pods Frameworks */,
				06B4AD0E50764C8BB998F075 /* [CP] Copy Pods Resources */,
			);
			buildRules = (
			);
			dependencies = (
				56FDA33A1D2E95FA008B377A /* PBXTargetDependency */,
			);
			name = "Let Me Tip";
			productName = TipTest;
			productReference = 5671C9821AB79E9D00952EEB /* Let Me Tip.app */;
			productType = "com.apple.product-type.application";
		};
		569263B91CDD8760008D6EEA /* Let Me Tip UITests */ = {
			isa = PBXNativeTarget;
			buildConfigurationList = 569263C11CDD8761008D6EEA /* Build configuration list for PBXNativeTarget "Let Me Tip UITests" */;
			buildPhases = (
				569263B61CDD8760008D6EEA /* Sources */,
				569263B71CDD8760008D6EEA /* Frameworks */,
				569263B81CDD8760008D6EEA /* Resources */,
			);
			buildRules = (
			);
			dependencies = (
				569263C01CDD8761008D6EEA /* PBXTargetDependency */,
			);
			name = "Let Me Tip UITests";
			productName = "Let Me Tip UITests";
			productReference = 569263BA1CDD8760008D6EEA /* Let Me Tip UITests.xctest */;
			productType = "com.apple.product-type.bundle.ui-testing";
		};
		56FDA31E1D2E95F9008B377A /* Watch */ = {
			isa = PBXNativeTarget;
			buildConfigurationList = 56FDA3421D2E95FA008B377A /* Build configuration list for PBXNativeTarget "Watch" */;
			buildPhases = (
				56FDA31D1D2E95F9008B377A /* Resources */,
				56FDA3411D2E95FA008B377A /* Embed App Extensions */,
			);
			buildRules = (
			);
			dependencies = (
				56FDA32E1D2E95FA008B377A /* PBXTargetDependency */,
			);
			name = Watch;
			productName = Watch;
			productReference = 56FDA31F1D2E95F9008B377A /* Watch.app */;
			productType = "com.apple.product-type.application.watchapp2";
		};
		56FDA32A1D2E95FA008B377A /* Watch Extension */ = {
			isa = PBXNativeTarget;
			buildConfigurationList = 56FDA3401D2E95FA008B377A /* Build configuration list for PBXNativeTarget "Watch Extension" */;
			buildPhases = (
				56FDA3271D2E95FA008B377A /* Sources */,
				56FDA3281D2E95FA008B377A /* Frameworks */,
				56FDA3291D2E95FA008B377A /* Resources */,
			);
			buildRules = (
			);
			dependencies = (
			);
			name = "Watch Extension";
			productName = "Watch Extension";
			productReference = 56FDA32B1D2E95FA008B377A /* Watch Extension.appex */;
			productType = "com.apple.product-type.watchkit2-extension";
		};
/* End PBXNativeTarget section */

/* Begin PBXProject section */
		5671C97A1AB79E9D00952EEB /* Project object */ = {
			isa = PBXProject;
			attributes = {
				LastSwiftMigration = 0700;
				LastSwiftUpdateCheck = 0800;
				LastUpgradeCheck = 0800;
				ORGANIZATIONNAME = "Grayson Smith";
				TargetAttributes = {
					5671C9811AB79E9D00952EEB = {
						CreatedOnToolsVersion = 6.2;
						DevelopmentTeam = Z6T84878UQ;
						LastSwiftMigration = 0800;
						SystemCapabilities = {
							com.apple.ApplicationGroups.iOS = {
								enabled = 1;
							};
							com.apple.GameCenter = {
								enabled = 0;
							};
							com.apple.InAppPurchase = {
								enabled = 0;
							};
							com.apple.Push = {
								enabled = 1;
							};
						};
					};
					569263B91CDD8760008D6EEA = {
						CreatedOnToolsVersion = 7.3;
						LastSwiftMigration = 0800;
						TestTargetID = 5671C9811AB79E9D00952EEB;
					};
					56FDA31E1D2E95F9008B377A = {
						CreatedOnToolsVersion = 8.0;
						DevelopmentTeam = Z6T84878UQ;
						DevelopmentTeamName = "Grayson Smith";
						ProvisioningStyle = Automatic;
						SystemCapabilities = {
							com.apple.ApplicationGroups.iOS = {
								enabled = 1;
							};
						};
					};
					56FDA32A1D2E95FA008B377A = {
						CreatedOnToolsVersion = 8.0;
						DevelopmentTeam = Z6T84878UQ;
						DevelopmentTeamName = "Grayson Smith";
						ProvisioningStyle = Automatic;
						SystemCapabilities = {
							com.apple.ApplicationGroups.iOS = {
								enabled = 1;
							};
						};
					};
				};
			};
			buildConfigurationList = 5671C97D1AB79E9D00952EEB /* Build configuration list for PBXProject "Let Me Tip" */;
			compatibilityVersion = "Xcode 3.2";
			developmentRegion = English;
			hasScannedForEncodings = 0;
			knownRegions = (
				en,
				Base,
			);
			mainGroup = 5671C9791AB79E9D00952EEB;
			productRefGroup = 5671C9831AB79E9D00952EEB /* Products */;
			projectDirPath = "";
			projectRoot = "";
			targets = (
				5671C9811AB79E9D00952EEB /* Let Me Tip */,
				569263B91CDD8760008D6EEA /* Let Me Tip UITests */,
				56FDA31E1D2E95F9008B377A /* Watch */,
				56FDA32A1D2E95FA008B377A /* Watch Extension */,
			);
		};
/* End PBXProject section */

/* Begin PBXResourcesBuildPhase section */
		5671C9801AB79E9D00952EEB /* Resources */ = {
			isa = PBXResourcesBuildPhase;
			buildActionMask = 2147483647;
			files = (
				5664E59A1CDEBDBB00082AB7 /* Launch Screen.storyboard in Resources */,
				5671C9AC1AB79F0500952EEB /* Main.storyboard in Resources */,
				5671C98F1AB79E9D00952EEB /* Images.xcassets in Resources */,
			);
			runOnlyForDeploymentPostprocessing = 0;
		};
		569263B81CDD8760008D6EEA /* Resources */ = {
			isa = PBXResourcesBuildPhase;
			buildActionMask = 2147483647;
			files = (
			);
			runOnlyForDeploymentPostprocessing = 0;
		};
		56FDA31D1D2E95F9008B377A /* Resources */ = {
			isa = PBXResourcesBuildPhase;
			buildActionMask = 2147483647;
			files = (
				56FDA3251D2E95F9008B377A /* Assets.xcassets in Resources */,
				56FDA3231D2E95F9008B377A /* Interface.storyboard in Resources */,
			);
			runOnlyForDeploymentPostprocessing = 0;
		};
		56FDA3291D2E95FA008B377A /* Resources */ = {
			isa = PBXResourcesBuildPhase;
			buildActionMask = 2147483647;
			files = (
				56FDA3371D2E95FA008B377A /* Assets.xcassets in Resources */,
			);
			runOnlyForDeploymentPostprocessing = 0;
		};
/* End PBXResourcesBuildPhase section */

/* Begin PBXShellScriptBuildPhase section */
		06B4AD0E50764C8BB998F075 /* [CP] Copy Pods Resources */ = {
			isa = PBXShellScriptBuildPhase;
			buildActionMask = 2147483647;
			files = (
			);
			inputPaths = (
			);
			name = "[CP] Copy Pods Resources";
			outputPaths = (
			);
			runOnlyForDeploymentPostprocessing = 0;
			shellPath = /bin/sh;
			shellScript = "\"${SRCROOT}/Pods/Target Support Files/Pods-Let Me Tip/Pods-Let Me Tip-resources.sh\"\n";
			showEnvVarsInLog = 0;
		};
		8243C6644280639751BEBD3C /* [CP] Check Pods Manifest.lock */ = {
			isa = PBXShellScriptBuildPhase;
			buildActionMask = 2147483647;
			files = (
			);
			inputPaths = (
			);
			name = "[CP] Check Pods Manifest.lock";
			outputPaths = (
			);
			runOnlyForDeploymentPostprocessing = 0;
			shellPath = /bin/sh;
			shellScript = "diff \"${PODS_ROOT}/../Podfile.lock\" \"${PODS_ROOT}/Manifest.lock\" > /dev/null\nif [[ $? != 0 ]] ; then\n    cat << EOM\nerror: The sandbox is not in sync with the Podfile.lock. Run 'pod install' or update your CocoaPods installation.\nEOM\n    exit 1\nfi\n";
			showEnvVarsInLog = 0;
		};
		FA735ECBDEB0ADFE468B9957 /* [CP] Embed Pods Frameworks */ = {
			isa = PBXShellScriptBuildPhase;
			buildActionMask = 2147483647;
			files = (
			);
			inputPaths = (
			);
			name = "[CP] Embed Pods Frameworks";
			outputPaths = (
			);
			runOnlyForDeploymentPostprocessing = 0;
			shellPath = /bin/sh;
			shellScript = "\"${SRCROOT}/Pods/Target Support Files/Pods-Let Me Tip/Pods-Let Me Tip-frameworks.sh\"\n";
			showEnvVarsInLog = 0;
		};
/* End PBXShellScriptBuildPhase section */

/* Begin PBXSourcesBuildPhase section */
		5671C97E1AB79E9D00952EEB /* Sources */ = {
			isa = PBXSourcesBuildPhase;
			buildActionMask = 2147483647;
			files = (
				561772711CC2DC8700AC27F2 /* TipDataTypes.swift in Sources */,
				5671C9AA1AB79F0500952EEB /* ViewController.swift in Sources */,
				5671C9881AB79E9D00952EEB /* AppDelegate.swift in Sources */,
				5689BBE21ACF66D4003B4621 /* InfoViewController.swift in Sources */,
				565A88CE1D1DD4F400B11B3F /* TipPresenter.swift in Sources */,
				56BD22691B522A5000051358 /* TipCalculatorModel.swift in Sources */,
			);
			runOnlyForDeploymentPostprocessing = 0;
		};
		569263B61CDD8760008D6EEA /* Sources */ = {
			isa = PBXSourcesBuildPhase;
			buildActionMask = 2147483647;
			files = (
				569263BD1CDD8761008D6EEA /* Let_Me_Tip_UITests.swift in Sources */,
				569263C51CDD8B3C008D6EEA /* SnapshotHelper.swift in Sources */,
			);
			runOnlyForDeploymentPostprocessing = 0;
		};
		56FDA3271D2E95FA008B377A /* Sources */ = {
			isa = PBXSourcesBuildPhase;
			buildActionMask = 2147483647;
			files = (
				56FDA3331D2E95FA008B377A /* ExtensionDelegate.swift in Sources */,
				56B323F91D40496200EFD218 /* TaxInterfaceController.swift in Sources */,
				56FDA3311D2E95FA008B377A /* ReceiptInterfaceController.swift in Sources */,
				56FDA3351D2E95FA008B377A /* ComplicationController.swift in Sources */,
				56FDA3431D352991008B377A /* TipCalculatorModel.swift in Sources */,
				56B323F71D40488600EFD218 /* TipInterfaceController.swift in Sources */,
				56FDA3451D352998008B377A /* TipPresenter.swift in Sources */,
				56FDA3441D352994008B377A /* TipDataTypes.swift in Sources */,
			);
			runOnlyForDeploymentPostprocessing = 0;
		};
/* End PBXSourcesBuildPhase section */

/* Begin PBXTargetDependency section */
		569263C01CDD8761008D6EEA /* PBXTargetDependency */ = {
			isa = PBXTargetDependency;
			target = 5671C9811AB79E9D00952EEB /* Let Me Tip */;
			targetProxy = 569263BF1CDD8761008D6EEA /* PBXContainerItemProxy */;
		};
		56FDA32E1D2E95FA008B377A /* PBXTargetDependency */ = {
			isa = PBXTargetDependency;
			target = 56FDA32A1D2E95FA008B377A /* Watch Extension */;
			targetProxy = 56FDA32D1D2E95FA008B377A /* PBXContainerItemProxy */;
		};
		56FDA33A1D2E95FA008B377A /* PBXTargetDependency */ = {
			isa = PBXTargetDependency;
			target = 56FDA31E1D2E95F9008B377A /* Watch */;
			targetProxy = 56FDA3391D2E95FA008B377A /* PBXContainerItemProxy */;
		};
/* End PBXTargetDependency section */

/* Begin PBXVariantGroup section */
		56FDA3211D2E95F9008B377A /* Interface.storyboard */ = {
			isa = PBXVariantGroup;
			children = (
				56FDA3221D2E95F9008B377A /* Base */,
			);
			name = Interface.storyboard;
			sourceTree = "<group>";
		};
/* End PBXVariantGroup section */

/* Begin XCBuildConfiguration section */
		5671C99F1AB79E9D00952EEB /* Debug */ = {
			isa = XCBuildConfiguration;
			buildSettings = {
				ALWAYS_SEARCH_USER_PATHS = NO;
				CLANG_CXX_LANGUAGE_STANDARD = "gnu++0x";
				CLANG_CXX_LIBRARY = "libc++";
				CLANG_ENABLE_MODULES = YES;
				CLANG_ENABLE_OBJC_ARC = YES;
				CLANG_WARN_BOOL_CONVERSION = YES;
				CLANG_WARN_CONSTANT_CONVERSION = YES;
				CLANG_WARN_DIRECT_OBJC_ISA_USAGE = YES_ERROR;
				CLANG_WARN_EMPTY_BODY = YES;
				CLANG_WARN_ENUM_CONVERSION = YES;
				CLANG_WARN_INT_CONVERSION = YES;
				CLANG_WARN_OBJC_ROOT_CLASS = YES_ERROR;
				CLANG_WARN_UNREACHABLE_CODE = YES;
				CLANG_WARN__DUPLICATE_METHOD_MATCH = YES;
				CODE_SIGN_IDENTITY = "iPhone Developer";
				"CODE_SIGN_IDENTITY[sdk=iphoneos*]" = "iPhone Developer";
				COPY_PHASE_STRIP = NO;
				ENABLE_STRICT_OBJC_MSGSEND = YES;
				ENABLE_TESTABILITY = YES;
				GCC_C_LANGUAGE_STANDARD = gnu99;
				GCC_DYNAMIC_NO_PIC = NO;
				GCC_NO_COMMON_BLOCKS = YES;
				GCC_OPTIMIZATION_LEVEL = 0;
				GCC_PREPROCESSOR_DEFINITIONS = (
					"DEBUG=1",
					"$(inherited)",
				);
				GCC_SYMBOLS_PRIVATE_EXTERN = NO;
				GCC_WARN_64_TO_32_BIT_CONVERSION = YES;
				GCC_WARN_ABOUT_RETURN_TYPE = YES_ERROR;
				GCC_WARN_UNDECLARED_SELECTOR = YES;
				GCC_WARN_UNINITIALIZED_AUTOS = YES_AGGRESSIVE;
				GCC_WARN_UNUSED_FUNCTION = YES;
				GCC_WARN_UNUSED_VARIABLE = YES;
				IPHONEOS_DEPLOYMENT_TARGET = 9.0;
				MTL_ENABLE_DEBUG_INFO = YES;
				ONLY_ACTIVE_ARCH = YES;
				SDKROOT = iphoneos;
				SWIFT_OPTIMIZATION_LEVEL = "-Onone";
				TARGETED_DEVICE_FAMILY = "1,2";
			};
			name = Debug;
		};
		5671C9A01AB79E9D00952EEB /* Release */ = {
			isa = XCBuildConfiguration;
			buildSettings = {
				ALWAYS_SEARCH_USER_PATHS = NO;
				CLANG_CXX_LANGUAGE_STANDARD = "gnu++0x";
				CLANG_CXX_LIBRARY = "libc++";
				CLANG_ENABLE_MODULES = YES;
				CLANG_ENABLE_OBJC_ARC = YES;
				CLANG_WARN_BOOL_CONVERSION = YES;
				CLANG_WARN_CONSTANT_CONVERSION = YES;
				CLANG_WARN_DIRECT_OBJC_ISA_USAGE = YES_ERROR;
				CLANG_WARN_EMPTY_BODY = YES;
				CLANG_WARN_ENUM_CONVERSION = YES;
				CLANG_WARN_INT_CONVERSION = YES;
				CLANG_WARN_OBJC_ROOT_CLASS = YES_ERROR;
				CLANG_WARN_UNREACHABLE_CODE = YES;
				CLANG_WARN__DUPLICATE_METHOD_MATCH = YES;
				CODE_SIGN_IDENTITY = "iPhone Distribution";
				"CODE_SIGN_IDENTITY[sdk=iphoneos*]" = "iPhone Distribution";
				COPY_PHASE_STRIP = NO;
				ENABLE_NS_ASSERTIONS = NO;
				ENABLE_STRICT_OBJC_MSGSEND = YES;
				GCC_C_LANGUAGE_STANDARD = gnu99;
				GCC_NO_COMMON_BLOCKS = YES;
				GCC_WARN_64_TO_32_BIT_CONVERSION = YES;
				GCC_WARN_ABOUT_RETURN_TYPE = YES_ERROR;
				GCC_WARN_UNDECLARED_SELECTOR = YES;
				GCC_WARN_UNINITIALIZED_AUTOS = YES_AGGRESSIVE;
				GCC_WARN_UNUSED_FUNCTION = YES;
				GCC_WARN_UNUSED_VARIABLE = YES;
				IPHONEOS_DEPLOYMENT_TARGET = 9.0;
				MTL_ENABLE_DEBUG_INFO = NO;
				SDKROOT = iphoneos;
				TARGETED_DEVICE_FAMILY = "1,2";
				VALIDATE_PRODUCT = YES;
			};
			name = Release;
		};
		5671C9A21AB79E9D00952EEB /* Debug */ = {
			isa = XCBuildConfiguration;
			baseConfigurationReference = 0E0309C99E00CF6F73DD8D61 /* Pods-Let Me Tip.debug.xcconfig */;
			buildSettings = {
				ASSETCATALOG_COMPILER_APPICON_NAME = AppIcon;
				CODE_SIGN_ENTITLEMENTS = "Let Me Tip.entitlements";
				CODE_SIGN_IDENTITY = "iPhone Developer";
				"CODE_SIGN_IDENTITY[sdk=iphoneos*]" = "iPhone Developer";
				INFOPLIST_FILE = "Let Me Tip/Info.plist";
				IPHONEOS_DEPLOYMENT_TARGET = 9.0;
				LD_RUNPATH_SEARCH_PATHS = "$(inherited) @executable_path/Frameworks";
				PRODUCT_BUNDLE_IDENTIFIER = "com.grayson.Let-Me-Tip";
				PRODUCT_NAME = "Let Me Tip";
				PROVISIONING_PROFILE = "";
				SWIFT_OBJC_BRIDGING_HEADER = "$(SRCROOT)/Let Me Tip/bridging-header.h";
				SWIFT_VERSION = 3.0;
				TARGETED_DEVICE_FAMILY = 1;
			};
			name = Debug;
		};
		5671C9A31AB79E9D00952EEB /* Release */ = {
			isa = XCBuildConfiguration;
			baseConfigurationReference = ECA8736F8C06C16D2611A0D9 /* Pods-Let Me Tip.release.xcconfig */;
			buildSettings = {
				ASSETCATALOG_COMPILER_APPICON_NAME = AppIcon;
				CODE_SIGN_ENTITLEMENTS = "Let Me Tip.entitlements";
				CODE_SIGN_IDENTITY = "iPhone Developer";
				"CODE_SIGN_IDENTITY[sdk=iphoneos*]" = "iPhone Developer";
				INFOPLIST_FILE = "Let Me Tip/Info.plist";
				IPHONEOS_DEPLOYMENT_TARGET = 9.0;
				LD_RUNPATH_SEARCH_PATHS = "$(inherited) @executable_path/Frameworks";
				PRODUCT_BUNDLE_IDENTIFIER = "com.grayson.Let-Me-Tip";
				PRODUCT_NAME = "Let Me Tip";
				PROVISIONING_PROFILE = "";
				SWIFT_OBJC_BRIDGING_HEADER = "$(SRCROOT)/Let Me Tip/bridging-header.h";
				SWIFT_OPTIMIZATION_LEVEL = "-Owholemodule";
				SWIFT_VERSION = 3.0;
				TARGETED_DEVICE_FAMILY = 1;
			};
			name = Release;
		};
		569263C21CDD8761008D6EEA /* Debug */ = {
			isa = XCBuildConfiguration;
			buildSettings = {
				CLANG_ANALYZER_NONNULL = YES;
				DEBUG_INFORMATION_FORMAT = dwarf;
				GCC_NO_COMMON_BLOCKS = YES;
				INFOPLIST_FILE = "Let Me Tip UITests/Info.plist";
				IPHONEOS_DEPLOYMENT_TARGET = 9.3;
				LD_RUNPATH_SEARCH_PATHS = "$(inherited) @executable_path/Frameworks @loader_path/Frameworks";
				PRODUCT_BUNDLE_IDENTIFIER = "com.grayson.Let-Me-Tip-UITests";
				PRODUCT_NAME = "$(TARGET_NAME)";
				SWIFT_VERSION = 3.0;
				TEST_TARGET_NAME = "Let Me Tip";
			};
			name = Debug;
		};
		569263C31CDD8761008D6EEA /* Release */ = {
			isa = XCBuildConfiguration;
			buildSettings = {
				CLANG_ANALYZER_NONNULL = YES;
				"CODE_SIGN_IDENTITY[sdk=iphoneos*]" = "iPhone Developer";
				DEBUG_INFORMATION_FORMAT = "dwarf-with-dsym";
				GCC_NO_COMMON_BLOCKS = YES;
				INFOPLIST_FILE = "Let Me Tip UITests/Info.plist";
				IPHONEOS_DEPLOYMENT_TARGET = 9.3;
				LD_RUNPATH_SEARCH_PATHS = "$(inherited) @executable_path/Frameworks @loader_path/Frameworks";
				PRODUCT_BUNDLE_IDENTIFIER = "com.grayson.Let-Me-Tip-UITests";
				PRODUCT_NAME = "$(TARGET_NAME)";
				SWIFT_OPTIMIZATION_LEVEL = "-Owholemodule";
				SWIFT_VERSION = 3.0;
				TEST_TARGET_NAME = "Let Me Tip";
			};
			name = Release;
		};
		56FDA33C1D2E95FA008B377A /* Debug */ = {
			isa = XCBuildConfiguration;
			buildSettings = {
				ALWAYS_EMBED_SWIFT_STANDARD_LIBRARIES = YES;
				ASSETCATALOG_COMPILER_APPICON_NAME = AppIcon;
				CLANG_ANALYZER_NONNULL = YES;
				CLANG_WARN_DOCUMENTATION_COMMENTS = YES;
				CODE_SIGN_ENTITLEMENTS = Watch/Watch.entitlements;
				CODE_SIGN_IDENTITY = "iPhone Developer";
				"CODE_SIGN_IDENTITY[sdk=iphoneos*]" = "iPhone Developer";
				DEBUG_INFORMATION_FORMAT = dwarf;
				IBSC_MODULE = Watch_Extension;
				INFOPLIST_FILE = Watch/Info.plist;
				PRODUCT_BUNDLE_IDENTIFIER = "com.grayson.Let-Me-Tip.watchkitapp";
				PRODUCT_NAME = "$(TARGET_NAME)";
				SDKROOT = watchos;
				SKIP_INSTALL = YES;
				SWIFT_ACTIVE_COMPILATION_CONDITIONS = DEBUG;
				SWIFT_VERSION = 3.0;
				TARGETED_DEVICE_FAMILY = 4;
				WATCHOS_DEPLOYMENT_TARGET = 3.0;
			};
			name = Debug;
		};
		56FDA33D1D2E95FA008B377A /* Release */ = {
			isa = XCBuildConfiguration;
			buildSettings = {
				ALWAYS_EMBED_SWIFT_STANDARD_LIBRARIES = YES;
				ASSETCATALOG_COMPILER_APPICON_NAME = AppIcon;
				CLANG_ANALYZER_NONNULL = YES;
				CLANG_WARN_DOCUMENTATION_COMMENTS = YES;
				CODE_SIGN_ENTITLEMENTS = Watch/Watch.entitlements;
				CODE_SIGN_IDENTITY = "iPhone Developer";
				"CODE_SIGN_IDENTITY[sdk=iphoneos*]" = "iPhone Developer";
				DEBUG_INFORMATION_FORMAT = "dwarf-with-dsym";
				IBSC_MODULE = Watch_Extension;
				INFOPLIST_FILE = Watch/Info.plist;
				PRODUCT_BUNDLE_IDENTIFIER = "com.grayson.Let-Me-Tip.watchkitapp";
				PRODUCT_NAME = "$(TARGET_NAME)";
				SDKROOT = watchos;
				SKIP_INSTALL = YES;
				SWIFT_OPTIMIZATION_LEVEL = "-Owholemodule";
				SWIFT_VERSION = 3.0;
				TARGETED_DEVICE_FAMILY = 4;
				WATCHOS_DEPLOYMENT_TARGET = 3.0;
			};
			name = Release;
		};
		56FDA33E1D2E95FA008B377A /* Debug */ = {
			isa = XCBuildConfiguration;
			buildSettings = {
				ASSETCATALOG_COMPILER_COMPLICATION_NAME = Complication;
				CLANG_ANALYZER_NONNULL = YES;
				CLANG_WARN_DOCUMENTATION_COMMENTS = YES;
				CODE_SIGN_ENTITLEMENTS = "Watch Extension/Watch Extension.entitlements";
				DEBUG_INFORMATION_FORMAT = dwarf;
				INFOPLIST_FILE = "Watch Extension/Info.plist";
				LD_RUNPATH_SEARCH_PATHS = "$(inherited) @executable_path/Frameworks @executable_path/../../Frameworks";
				PRODUCT_BUNDLE_IDENTIFIER = "com.grayson.Let-Me-Tip.watchkitapp.watchkitextension";
				PRODUCT_NAME = "${TARGET_NAME}";
				SDKROOT = watchos;
				SKIP_INSTALL = YES;
				SWIFT_ACTIVE_COMPILATION_CONDITIONS = DEBUG;
				SWIFT_VERSION = 3.0;
				TARGETED_DEVICE_FAMILY = 4;
				WATCHOS_DEPLOYMENT_TARGET = 3.0;
			};
			name = Debug;
		};
		56FDA33F1D2E95FA008B377A /* Release */ = {
			isa = XCBuildConfiguration;
			buildSettings = {
				ASSETCATALOG_COMPILER_COMPLICATION_NAME = Complication;
				CLANG_ANALYZER_NONNULL = YES;
				CLANG_WARN_DOCUMENTATION_COMMENTS = YES;
				CODE_SIGN_ENTITLEMENTS = "Watch Extension/Watch Extension.entitlements";
				CODE_SIGN_IDENTITY = "iPhone Developer";
				DEBUG_INFORMATION_FORMAT = "dwarf-with-dsym";
				INFOPLIST_FILE = "Watch Extension/Info.plist";
				LD_RUNPATH_SEARCH_PATHS = "$(inherited) @executable_path/Frameworks @executable_path/../../Frameworks";
				PRODUCT_BUNDLE_IDENTIFIER = "com.grayson.Let-Me-Tip.watchkitapp.watchkitextension";
				PRODUCT_NAME = "${TARGET_NAME}";
				SDKROOT = watchos;
				SKIP_INSTALL = YES;
				SWIFT_OPTIMIZATION_LEVEL = "-Owholemodule";
				SWIFT_VERSION = 3.0;
				TARGETED_DEVICE_FAMILY = 4;
				WATCHOS_DEPLOYMENT_TARGET = 3.0;
			};
			name = Release;
		};
/* End XCBuildConfiguration section */

/* Begin XCConfigurationList section */
		5671C97D1AB79E9D00952EEB /* Build configuration list for PBXProject "Let Me Tip" */ = {
			isa = XCConfigurationList;
			buildConfigurations = (
				5671C99F1AB79E9D00952EEB /* Debug */,
				5671C9A01AB79E9D00952EEB /* Release */,
			);
			defaultConfigurationIsVisible = 0;
			defaultConfigurationName = Release;
		};
		5671C9A11AB79E9D00952EEB /* Build configuration list for PBXNativeTarget "Let Me Tip" */ = {
			isa = XCConfigurationList;
			buildConfigurations = (
				5671C9A21AB79E9D00952EEB /* Debug */,
				5671C9A31AB79E9D00952EEB /* Release */,
			);
			defaultConfigurationIsVisible = 0;
			defaultConfigurationName = Release;
		};
		569263C11CDD8761008D6EEA /* Build configuration list for PBXNativeTarget "Let Me Tip UITests" */ = {
			isa = XCConfigurationList;
			buildConfigurations = (
				569263C21CDD8761008D6EEA /* Debug */,
				569263C31CDD8761008D6EEA /* Release */,
			);
			defaultConfigurationIsVisible = 0;
			defaultConfigurationName = Release;
		};
		56FDA3401D2E95FA008B377A /* Build configuration list for PBXNativeTarget "Watch Extension" */ = {
			isa = XCConfigurationList;
			buildConfigurations = (
				56FDA33E1D2E95FA008B377A /* Debug */,
				56FDA33F1D2E95FA008B377A /* Release */,
			);
			defaultConfigurationIsVisible = 0;
			defaultConfigurationName = Release;
		};
		56FDA3421D2E95FA008B377A /* Build configuration list for PBXNativeTarget "Watch" */ = {
			isa = XCConfigurationList;
			buildConfigurations = (
				56FDA33C1D2E95FA008B377A /* Debug */,
				56FDA33D1D2E95FA008B377A /* Release */,
			);
			defaultConfigurationIsVisible = 0;
			defaultConfigurationName = Release;
		};
/* End XCConfigurationList section */
	};
	rootObject = 5671C97A1AB79E9D00952EEB /* Project object */;
}
