// !$*UTF8*$!
{
	archiveVersion = 1;
	classes = {
	};
	objectVersion = 46;
	objects = {

/* Begin PBXBuildFile section */
		56113B941ABA1EFB00033BCB /* CalculationDetailInterfaceController.swift in Sources */ = {isa = PBXBuildFile; fileRef = 56113B931ABA1EFB00033BCB /* CalculationDetailInterfaceController.swift */; };
		56113B961ABA1F9700033BCB /* TotalOptionsViewController.swift in Sources */ = {isa = PBXBuildFile; fileRef = 56113B951ABA1F9700033BCB /* TotalOptionsViewController.swift */; };
		5617726F1CC28EEC00AC27F2 /* TipData.swift in Sources */ = {isa = PBXBuildFile; fileRef = 5617726E1CC28EEC00AC27F2 /* TipData.swift */; };
		561772711CC2DC8700AC27F2 /* TipDataTypes.swift in Sources */ = {isa = PBXBuildFile; fileRef = 561772701CC2DC8700AC27F2 /* TipDataTypes.swift */; };
		561772731CC3FAAE00AC27F2 /* TipCalculatorModel.swift in Sources */ = {isa = PBXBuildFile; fileRef = 56BD22681B522A5000051358 /* TipCalculatorModel.swift */; };
		561772741CC3FAC200AC27F2 /* TipDataTypes.swift in Sources */ = {isa = PBXBuildFile; fileRef = 561772701CC2DC8700AC27F2 /* TipDataTypes.swift */; };
		561772751CC3FAC500AC27F2 /* TipData.swift in Sources */ = {isa = PBXBuildFile; fileRef = 5617726E1CC28EEC00AC27F2 /* TipData.swift */; };
		5664E59A1CDEBDBB00082AB7 /* Launch Screen.storyboard in Resources */ = {isa = PBXBuildFile; fileRef = 5664E5991CDEBDBB00082AB7 /* Launch Screen.storyboard */; };
		5671C9881AB79E9D00952EEB /* AppDelegate.swift in Sources */ = {isa = PBXBuildFile; fileRef = 5671C9871AB79E9D00952EEB /* AppDelegate.swift */; };
		5671C98F1AB79E9D00952EEB /* Images.xcassets in Resources */ = {isa = PBXBuildFile; fileRef = 5671C98E1AB79E9D00952EEB /* Images.xcassets */; };
		5671C9AA1AB79F0500952EEB /* ViewController.swift in Sources */ = {isa = PBXBuildFile; fileRef = 5671C9A71AB79F0500952EEB /* ViewController.swift */; };
		5671C9AC1AB79F0500952EEB /* Main.storyboard in Resources */ = {isa = PBXBuildFile; fileRef = 5671C9A91AB79F0500952EEB /* Main.storyboard */; };
		5671C9B71AB79F8E00952EEB /* InterfaceController.swift in Sources */ = {isa = PBXBuildFile; fileRef = 5671C9B61AB79F8E00952EEB /* InterfaceController.swift */; };
		5671C9BB1AB79F8E00952EEB /* Images.xcassets in Resources */ = {isa = PBXBuildFile; fileRef = 5671C9BA1AB79F8E00952EEB /* Images.xcassets */; };
		5671C9C71AB79F8E00952EEB /* Interface.storyboard in Resources */ = {isa = PBXBuildFile; fileRef = 5671C9C51AB79F8E00952EEB /* Interface.storyboard */; };
		5671C9C91AB79F8E00952EEB /* Images.xcassets in Resources */ = {isa = PBXBuildFile; fileRef = 5671C9C81AB79F8E00952EEB /* Images.xcassets */; };
		5689BBE21ACF66D4003B4621 /* InfoViewController.swift in Sources */ = {isa = PBXBuildFile; fileRef = 5689BBE11ACF66D4003B4621 /* InfoViewController.swift */; };
		569263BD1CDD8761008D6EEA /* Let_Me_Tip_UITests.swift in Sources */ = {isa = PBXBuildFile; fileRef = 569263BC1CDD8761008D6EEA /* Let_Me_Tip_UITests.swift */; };
		569263C51CDD8B3C008D6EEA /* SnapshotHelper.swift in Sources */ = {isa = PBXBuildFile; fileRef = 569263C41CDD8B3C008D6EEA /* SnapshotHelper.swift */; };
		56BD22621B522A1F00051358 /* Let Me Tip WatchKit Extension.appex in Embed App Extensions */ = {isa = PBXBuildFile; fileRef = 5671C9B11AB79F8E00952EEB /* Let Me Tip WatchKit Extension.appex */; settings = {ATTRIBUTES = (RemoveHeadersOnCopy, ); }; };
		56BD22651B522A1F00051358 /* Let Me Tip WatchKit App.app in Embed Watch Content */ = {isa = PBXBuildFile; fileRef = 5671C9BE1AB79F8E00952EEB /* Let Me Tip WatchKit App.app */; };
		56BD22691B522A5000051358 /* TipCalculatorModel.swift in Sources */ = {isa = PBXBuildFile; fileRef = 56BD22681B522A5000051358 /* TipCalculatorModel.swift */; };
		56FB61C71CC6926E00D5BC57 /* DollarAmountPickerController.swift in Sources */ = {isa = PBXBuildFile; fileRef = 56FB61C51CC68EB600D5BC57 /* DollarAmountPickerController.swift */; };
		56FB61C91CC6967D00D5BC57 /* TaxPercentagePickerController.swift in Sources */ = {isa = PBXBuildFile; fileRef = 56FB61C81CC6967D00D5BC57 /* TaxPercentagePickerController.swift */; };
		56FB61CB1CC6968D00D5BC57 /* TipPercentagePickerController.swift in Sources */ = {isa = PBXBuildFile; fileRef = 56FB61CA1CC6968D00D5BC57 /* TipPercentagePickerController.swift */; };
		785DCBE7C2C32089E1440F7A /* libPods-Let Me Tip.a in Frameworks */ = {isa = PBXBuildFile; fileRef = 0480193F4389328F8E8A0696 /* libPods-Let Me Tip.a */; };
/* End PBXBuildFile section */

/* Begin PBXContainerItemProxy section */
		569263BF1CDD8761008D6EEA /* PBXContainerItemProxy */ = {
			isa = PBXContainerItemProxy;
			containerPortal = 5671C97A1AB79E9D00952EEB /* Project object */;
			proxyType = 1;
			remoteGlobalIDString = 5671C9811AB79E9D00952EEB;
			remoteInfo = "Let Me Tip";
		};
		56BD22601B522A1F00051358 /* PBXContainerItemProxy */ = {
			isa = PBXContainerItemProxy;
			containerPortal = 5671C97A1AB79E9D00952EEB /* Project object */;
			proxyType = 1;
			remoteGlobalIDString = 5671C9B01AB79F8E00952EEB;
			remoteInfo = "Let Me Tip WatchKit Extension";
		};
		56BD22631B522A1F00051358 /* PBXContainerItemProxy */ = {
			isa = PBXContainerItemProxy;
			containerPortal = 5671C97A1AB79E9D00952EEB /* Project object */;
			proxyType = 1;
			remoteGlobalIDString = 5671C9BD1AB79F8E00952EEB;
			remoteInfo = "Let Me Tip WatchKit App";
		};
/* End PBXContainerItemProxy section */

/* Begin PBXCopyFilesBuildPhase section */
		561ACD631AD4B3190090849A /* Embed Frameworks */ = {
			isa = PBXCopyFilesBuildPhase;
			buildActionMask = 2147483647;
			dstPath = "";
			dstSubfolderSpec = 10;
			files = (
			);
			name = "Embed Frameworks";
			runOnlyForDeploymentPostprocessing = 0;
		};
		56BD22661B522A1F00051358 /* Embed App Extensions */ = {
			isa = PBXCopyFilesBuildPhase;
			buildActionMask = 2147483647;
			dstPath = "";
			dstSubfolderSpec = 13;
			files = (
				56BD22621B522A1F00051358 /* Let Me Tip WatchKit Extension.appex in Embed App Extensions */,
			);
			name = "Embed App Extensions";
			runOnlyForDeploymentPostprocessing = 0;
		};
		56BD22671B522A1F00051358 /* Embed Watch Content */ = {
			isa = PBXCopyFilesBuildPhase;
			buildActionMask = 2147483647;
			dstPath = "$(CONTENTS_FOLDER_PATH)/Watch";
			dstSubfolderSpec = 16;
			files = (
				56BD22651B522A1F00051358 /* Let Me Tip WatchKit App.app in Embed Watch Content */,
			);
			name = "Embed Watch Content";
			runOnlyForDeploymentPostprocessing = 0;
		};
/* End PBXCopyFilesBuildPhase section */

/* Begin PBXFileReference section */
		0480193F4389328F8E8A0696 /* libPods-Let Me Tip.a */ = {isa = PBXFileReference; explicitFileType = archive.ar; includeInIndex = 0; path = "libPods-Let Me Tip.a"; sourceTree = BUILT_PRODUCTS_DIR; };
		0E0309C99E00CF6F73DD8D61 /* Pods-Let Me Tip.debug.xcconfig */ = {isa = PBXFileReference; includeInIndex = 1; lastKnownFileType = text.xcconfig; name = "Pods-Let Me Tip.debug.xcconfig"; path = "Pods/Target Support Files/Pods-Let Me Tip/Pods-Let Me Tip.debug.xcconfig"; sourceTree = "<group>"; };
		3295EA1872E81B7C597E22DA /* libPods-Let Me Tip WatchKit App.a */ = {isa = PBXFileReference; explicitFileType = archive.ar; includeInIndex = 0; path = "libPods-Let Me Tip WatchKit App.a"; sourceTree = BUILT_PRODUCTS_DIR; };
		56113B931ABA1EFB00033BCB /* CalculationDetailInterfaceController.swift */ = {isa = PBXFileReference; fileEncoding = 4; lastKnownFileType = sourcecode.swift; path = CalculationDetailInterfaceController.swift; sourceTree = "<group>"; };
		56113B951ABA1F9700033BCB /* TotalOptionsViewController.swift */ = {isa = PBXFileReference; fileEncoding = 4; lastKnownFileType = sourcecode.swift; path = TotalOptionsViewController.swift; sourceTree = "<group>"; };
		5617726E1CC28EEC00AC27F2 /* TipData.swift */ = {isa = PBXFileReference; fileEncoding = 4; lastKnownFileType = sourcecode.swift; path = TipData.swift; sourceTree = "<group>"; };
		561772701CC2DC8700AC27F2 /* TipDataTypes.swift */ = {isa = PBXFileReference; fileEncoding = 4; lastKnownFileType = sourcecode.swift; path = TipDataTypes.swift; sourceTree = "<group>"; };
		5644E6391CD6A16B005AC506 /* bridging-header.h */ = {isa = PBXFileReference; lastKnownFileType = sourcecode.c.h; path = "bridging-header.h"; sourceTree = "<group>"; };
		5664E5991CDEBDBB00082AB7 /* Launch Screen.storyboard */ = {isa = PBXFileReference; fileEncoding = 4; lastKnownFileType = file.storyboard; path = "Launch Screen.storyboard"; sourceTree = "<group>"; };
		5671C9821AB79E9D00952EEB /* Let Me Tip.app */ = {isa = PBXFileReference; explicitFileType = wrapper.application; includeInIndex = 0; path = "Let Me Tip.app"; sourceTree = BUILT_PRODUCTS_DIR; };
		5671C9861AB79E9D00952EEB /* Info.plist */ = {isa = PBXFileReference; lastKnownFileType = text.plist.xml; path = Info.plist; sourceTree = "<group>"; };
		5671C9871AB79E9D00952EEB /* AppDelegate.swift */ = {isa = PBXFileReference; lastKnownFileType = sourcecode.swift; path = AppDelegate.swift; sourceTree = "<group>"; };
		5671C98E1AB79E9D00952EEB /* Images.xcassets */ = {isa = PBXFileReference; lastKnownFileType = folder.assetcatalog; path = Images.xcassets; sourceTree = "<group>"; };
		5671C9A71AB79F0500952EEB /* ViewController.swift */ = {isa = PBXFileReference; fileEncoding = 4; lastKnownFileType = sourcecode.swift; path = ViewController.swift; sourceTree = "<group>"; };
		5671C9A91AB79F0500952EEB /* Main.storyboard */ = {isa = PBXFileReference; fileEncoding = 4; lastKnownFileType = file.storyboard; path = Main.storyboard; sourceTree = "<group>"; };
		5671C9B11AB79F8E00952EEB /* Let Me Tip WatchKit Extension.appex */ = {isa = PBXFileReference; explicitFileType = "wrapper.app-extension"; includeInIndex = 0; path = "Let Me Tip WatchKit Extension.appex"; sourceTree = BUILT_PRODUCTS_DIR; };
		5671C9B41AB79F8E00952EEB /* Info.plist */ = {isa = PBXFileReference; lastKnownFileType = text.plist.xml; path = Info.plist; sourceTree = "<group>"; };
		5671C9B51AB79F8E00952EEB /* PushNotificationPayload.apns */ = {isa = PBXFileReference; lastKnownFileType = text; path = PushNotificationPayload.apns; sourceTree = "<group>"; };
		5671C9B61AB79F8E00952EEB /* InterfaceController.swift */ = {isa = PBXFileReference; lastKnownFileType = sourcecode.swift; path = InterfaceController.swift; sourceTree = "<group>"; };
		5671C9BA1AB79F8E00952EEB /* Images.xcassets */ = {isa = PBXFileReference; lastKnownFileType = folder.assetcatalog; path = Images.xcassets; sourceTree = "<group>"; };
		5671C9BE1AB79F8E00952EEB /* Let Me Tip WatchKit App.app */ = {isa = PBXFileReference; explicitFileType = wrapper.application; includeInIndex = 0; path = "Let Me Tip WatchKit App.app"; sourceTree = BUILT_PRODUCTS_DIR; };
		5671C9C41AB79F8E00952EEB /* Info.plist */ = {isa = PBXFileReference; lastKnownFileType = text.plist.xml; path = Info.plist; sourceTree = "<group>"; };
		5671C9C61AB79F8E00952EEB /* Base */ = {isa = PBXFileReference; lastKnownFileType = file.storyboard; name = Base; path = Base.lproj/Interface.storyboard; sourceTree = "<group>"; };
		5671C9C81AB79F8E00952EEB /* Images.xcassets */ = {isa = PBXFileReference; lastKnownFileType = folder.assetcatalog; path = Images.xcassets; sourceTree = "<group>"; };
		5689BBDD1ACCDB20003B4621 /* Let Me Tip.entitlements */ = {isa = PBXFileReference; lastKnownFileType = text.xml; path = "Let Me Tip.entitlements"; sourceTree = "<group>"; };
		5689BBDE1ACCDBFE003B4621 /* Let Me Tip WatchKit Extension.entitlements */ = {isa = PBXFileReference; lastKnownFileType = text.xml; path = "Let Me Tip WatchKit Extension.entitlements"; sourceTree = "<group>"; };
		5689BBE11ACF66D4003B4621 /* InfoViewController.swift */ = {isa = PBXFileReference; fileEncoding = 4; lastKnownFileType = sourcecode.swift; path = InfoViewController.swift; sourceTree = "<group>"; };
		569263BA1CDD8760008D6EEA /* Let Me Tip UITests.xctest */ = {isa = PBXFileReference; explicitFileType = wrapper.cfbundle; includeInIndex = 0; path = "Let Me Tip UITests.xctest"; sourceTree = BUILT_PRODUCTS_DIR; };
		569263BC1CDD8761008D6EEA /* Let_Me_Tip_UITests.swift */ = {isa = PBXFileReference; lastKnownFileType = sourcecode.swift; path = Let_Me_Tip_UITests.swift; sourceTree = "<group>"; };
		569263BE1CDD8761008D6EEA /* Info.plist */ = {isa = PBXFileReference; lastKnownFileType = text.plist.xml; path = Info.plist; sourceTree = "<group>"; };
		569263C41CDD8B3C008D6EEA /* SnapshotHelper.swift */ = {isa = PBXFileReference; fileEncoding = 4; lastKnownFileType = sourcecode.swift; name = SnapshotHelper.swift; path = fastlane/SnapshotHelper.swift; sourceTree = SOURCE_ROOT; };
		56BD22681B522A5000051358 /* TipCalculatorModel.swift */ = {isa = PBXFileReference; fileEncoding = 4; lastKnownFileType = sourcecode.swift; path = TipCalculatorModel.swift; sourceTree = "<group>"; };
		56BD226C1B53533500051358 /* Let Me Tip WatchKit App.entitlements */ = {isa = PBXFileReference; lastKnownFileType = text.xml; path = "Let Me Tip WatchKit App.entitlements"; sourceTree = "<group>"; };
		56FB61C51CC68EB600D5BC57 /* DollarAmountPickerController.swift */ = {isa = PBXFileReference; fileEncoding = 4; lastKnownFileType = sourcecode.swift; path = DollarAmountPickerController.swift; sourceTree = "<group>"; };
		56FB61C81CC6967D00D5BC57 /* TaxPercentagePickerController.swift */ = {isa = PBXFileReference; fileEncoding = 4; lastKnownFileType = sourcecode.swift; path = TaxPercentagePickerController.swift; sourceTree = "<group>"; };
		56FB61CA1CC6968D00D5BC57 /* TipPercentagePickerController.swift */ = {isa = PBXFileReference; fileEncoding = 4; lastKnownFileType = sourcecode.swift; path = TipPercentagePickerController.swift; sourceTree = "<group>"; };
		74943084FDBDCA0B730A5644 /* libPods-Let Me Tip WatchKit Extension.a */ = {isa = PBXFileReference; explicitFileType = archive.ar; includeInIndex = 0; path = "libPods-Let Me Tip WatchKit Extension.a"; sourceTree = BUILT_PRODUCTS_DIR; };
		ECA8736F8C06C16D2611A0D9 /* Pods-Let Me Tip.release.xcconfig */ = {isa = PBXFileReference; includeInIndex = 1; lastKnownFileType = text.xcconfig; name = "Pods-Let Me Tip.release.xcconfig"; path = "Pods/Target Support Files/Pods-Let Me Tip/Pods-Let Me Tip.release.xcconfig"; sourceTree = "<group>"; };
/* End PBXFileReference section */

/* Begin PBXFrameworksBuildPhase section */
		5671C97F1AB79E9D00952EEB /* Frameworks */ = {
			isa = PBXFrameworksBuildPhase;
			buildActionMask = 2147483647;
			files = (
				785DCBE7C2C32089E1440F7A /* libPods-Let Me Tip.a in Frameworks */,
			);
			runOnlyForDeploymentPostprocessing = 0;
		};
		5671C9AE1AB79F8E00952EEB /* Frameworks */ = {
			isa = PBXFrameworksBuildPhase;
			buildActionMask = 2147483647;
			files = (
			);
			runOnlyForDeploymentPostprocessing = 0;
		};
		569263B71CDD8760008D6EEA /* Frameworks */ = {
			isa = PBXFrameworksBuildPhase;
			buildActionMask = 2147483647;
			files = (
			);
			runOnlyForDeploymentPostprocessing = 0;
		};
		9BDA771052D5E4A8E2A38C97 /* Frameworks */ = {
			isa = PBXFrameworksBuildPhase;
			buildActionMask = 2147483647;
			files = (
			);
			runOnlyForDeploymentPostprocessing = 0;
		};
/* End PBXFrameworksBuildPhase section */

/* Begin PBXGroup section */
		5671C9791AB79E9D00952EEB = {
			isa = PBXGroup;
			children = (
				56FB61C41CC1A3F300D5BC57 /* Entitlements */,
				5671C9841AB79E9D00952EEB /* Let Me Tip */,
				5671C9B21AB79F8E00952EEB /* Let Me Tip WatchKit Extension */,
				5671C9C21AB79F8E00952EEB /* Let Me Tip WatchKit App */,
				569263BB1CDD8761008D6EEA /* Let Me Tip UITests */,
				5671C9831AB79E9D00952EEB /* Products */,
				E18593754C3654E30365514A /* Pods */,
				63F9793E8EB6827371F6215E /* Frameworks */,
			);
			sourceTree = "<group>";
		};
		5671C9831AB79E9D00952EEB /* Products */ = {
			isa = PBXGroup;
			children = (
				5671C9821AB79E9D00952EEB /* Let Me Tip.app */,
				5671C9B11AB79F8E00952EEB /* Let Me Tip WatchKit Extension.appex */,
				5671C9BE1AB79F8E00952EEB /* Let Me Tip WatchKit App.app */,
				569263BA1CDD8760008D6EEA /* Let Me Tip UITests.xctest */,
			);
			name = Products;
			sourceTree = "<group>";
		};
		5671C9841AB79E9D00952EEB /* Let Me Tip */ = {
			isa = PBXGroup;
			children = (
				56BD22681B522A5000051358 /* TipCalculatorModel.swift */,
				561772701CC2DC8700AC27F2 /* TipDataTypes.swift */,
				5617726E1CC28EEC00AC27F2 /* TipData.swift */,
				5671C9871AB79E9D00952EEB /* AppDelegate.swift */,
				5671C9A71AB79F0500952EEB /* ViewController.swift */,
				5689BBE11ACF66D4003B4621 /* InfoViewController.swift */,
				5671C9A91AB79F0500952EEB /* Main.storyboard */,
				5664E5991CDEBDBB00082AB7 /* Launch Screen.storyboard */,
				5671C98E1AB79E9D00952EEB /* Images.xcassets */,
				5671C9851AB79E9D00952EEB /* Supporting Files */,
			);
			path = "Let Me Tip";
			sourceTree = "<group>";
		};
		5671C9851AB79E9D00952EEB /* Supporting Files */ = {
			isa = PBXGroup;
			children = (
				5671C9861AB79E9D00952EEB /* Info.plist */,
				5644E6391CD6A16B005AC506 /* bridging-header.h */,
			);
			name = "Supporting Files";
			sourceTree = "<group>";
		};
		5671C9B21AB79F8E00952EEB /* Let Me Tip WatchKit Extension */ = {
			isa = PBXGroup;
			children = (
				5671C9B61AB79F8E00952EEB /* InterfaceController.swift */,
				56FB61C51CC68EB600D5BC57 /* DollarAmountPickerController.swift */,
				56FB61C81CC6967D00D5BC57 /* TaxPercentagePickerController.swift */,
				56FB61CA1CC6968D00D5BC57 /* TipPercentagePickerController.swift */,
				56113B931ABA1EFB00033BCB /* CalculationDetailInterfaceController.swift */,
				56113B951ABA1F9700033BCB /* TotalOptionsViewController.swift */,
				5671C9BA1AB79F8E00952EEB /* Images.xcassets */,
				5671C9B31AB79F8E00952EEB /* Supporting Files */,
			);
			path = "Let Me Tip WatchKit Extension";
			sourceTree = SOURCE_ROOT;
		};
		5671C9B31AB79F8E00952EEB /* Supporting Files */ = {
			isa = PBXGroup;
			children = (
				5671C9B41AB79F8E00952EEB /* Info.plist */,
				5671C9B51AB79F8E00952EEB /* PushNotificationPayload.apns */,
			);
			name = "Supporting Files";
			sourceTree = "<group>";
		};
		5671C9C21AB79F8E00952EEB /* Let Me Tip WatchKit App */ = {
			isa = PBXGroup;
			children = (
				5671C9C51AB79F8E00952EEB /* Interface.storyboard */,
				5671C9C81AB79F8E00952EEB /* Images.xcassets */,
				5671C9C31AB79F8E00952EEB /* Supporting Files */,
			);
			path = "Let Me Tip WatchKit App";
			sourceTree = "<group>";
		};
		5671C9C31AB79F8E00952EEB /* Supporting Files */ = {
			isa = PBXGroup;
			children = (
				5671C9C41AB79F8E00952EEB /* Info.plist */,
			);
			name = "Supporting Files";
			sourceTree = "<group>";
		};
		569263BB1CDD8761008D6EEA /* Let Me Tip UITests */ = {
			isa = PBXGroup;
			children = (
				569263C41CDD8B3C008D6EEA /* SnapshotHelper.swift */,
				569263BC1CDD8761008D6EEA /* Let_Me_Tip_UITests.swift */,
				569263BE1CDD8761008D6EEA /* Info.plist */,
			);
			path = "Let Me Tip UITests";
			sourceTree = "<group>";
		};
		56FB61C41CC1A3F300D5BC57 /* Entitlements */ = {
			isa = PBXGroup;
			children = (
				56BD226C1B53533500051358 /* Let Me Tip WatchKit App.entitlements */,
				5689BBDE1ACCDBFE003B4621 /* Let Me Tip WatchKit Extension.entitlements */,
				5689BBDD1ACCDB20003B4621 /* Let Me Tip.entitlements */,
			);
			name = Entitlements;
			sourceTree = "<group>";
		};
		63F9793E8EB6827371F6215E /* Frameworks */ = {
			isa = PBXGroup;
			children = (
				0480193F4389328F8E8A0696 /* libPods-Let Me Tip.a */,
				3295EA1872E81B7C597E22DA /* libPods-Let Me Tip WatchKit App.a */,
				74943084FDBDCA0B730A5644 /* libPods-Let Me Tip WatchKit Extension.a */,
			);
			name = Frameworks;
			sourceTree = "<group>";
		};
		E18593754C3654E30365514A /* Pods */ = {
			isa = PBXGroup;
			children = (
				0E0309C99E00CF6F73DD8D61 /* Pods-Let Me Tip.debug.xcconfig */,
				ECA8736F8C06C16D2611A0D9 /* Pods-Let Me Tip.release.xcconfig */,
			);
			name = Pods;
			sourceTree = "<group>";
		};
/* End PBXGroup section */

/* Begin PBXNativeTarget section */
		5671C9811AB79E9D00952EEB /* Let Me Tip */ = {
			isa = PBXNativeTarget;
			buildConfigurationList = 5671C9A11AB79E9D00952EEB /* Build configuration list for PBXNativeTarget "Let Me Tip" */;
			buildPhases = (
				8243C6644280639751BEBD3C /* 📦 Check Pods Manifest.lock */,
				5671C97E1AB79E9D00952EEB /* Sources */,
				5671C97F1AB79E9D00952EEB /* Frameworks */,
				5671C9801AB79E9D00952EEB /* Resources */,
				561ACD631AD4B3190090849A /* Embed Frameworks */,
				56BD22671B522A1F00051358 /* Embed Watch Content */,
				FA735ECBDEB0ADFE468B9957 /* 📦 Embed Pods Frameworks */,
				06B4AD0E50764C8BB998F075 /* 📦 Copy Pods Resources */,
			);
			buildRules = (
			);
			dependencies = (
				56BD22641B522A1F00051358 /* PBXTargetDependency */,
			);
			name = "Let Me Tip";
			productName = TipTest;
			productReference = 5671C9821AB79E9D00952EEB /* Let Me Tip.app */;
			productType = "com.apple.product-type.application";
		};
		5671C9B01AB79F8E00952EEB /* Let Me Tip WatchKit Extension */ = {
			isa = PBXNativeTarget;
			buildConfigurationList = 5671C9D01AB79F8E00952EEB /* Build configuration list for PBXNativeTarget "Let Me Tip WatchKit Extension" */;
			buildPhases = (
				5671C9AD1AB79F8E00952EEB /* Sources */,
				5671C9AE1AB79F8E00952EEB /* Frameworks */,
				5671C9AF1AB79F8E00952EEB /* Resources */,
			);
			buildRules = (
			);
			dependencies = (
			);
			name = "Let Me Tip WatchKit Extension";
			productName = "TipTest WatchKit Extension";
			productReference = 5671C9B11AB79F8E00952EEB /* Let Me Tip WatchKit Extension.appex */;
			productType = "com.apple.product-type.watchkit2-extension";
		};
		5671C9BD1AB79F8E00952EEB /* Let Me Tip WatchKit App */ = {
			isa = PBXNativeTarget;
			buildConfigurationList = 5671C9CD1AB79F8E00952EEB /* Build configuration list for PBXNativeTarget "Let Me Tip WatchKit App" */;
			buildPhases = (
				5671C9BC1AB79F8E00952EEB /* Resources */,
				56BD22661B522A1F00051358 /* Embed App Extensions */,
				9BDA771052D5E4A8E2A38C97 /* Frameworks */,
			);
			buildRules = (
			);
			dependencies = (
				56BD22611B522A1F00051358 /* PBXTargetDependency */,
			);
			name = "Let Me Tip WatchKit App";
			productName = "TipTest WatchKit App";
			productReference = 5671C9BE1AB79F8E00952EEB /* Let Me Tip WatchKit App.app */;
			productType = "com.apple.product-type.application.watchapp2";
		};
		569263B91CDD8760008D6EEA /* Let Me Tip UITests */ = {
			isa = PBXNativeTarget;
			buildConfigurationList = 569263C11CDD8761008D6EEA /* Build configuration list for PBXNativeTarget "Let Me Tip UITests" */;
			buildPhases = (
				569263B61CDD8760008D6EEA /* Sources */,
				569263B71CDD8760008D6EEA /* Frameworks */,
				569263B81CDD8760008D6EEA /* Resources */,
			);
			buildRules = (
			);
			dependencies = (
				569263C01CDD8761008D6EEA /* PBXTargetDependency */,
			);
			name = "Let Me Tip UITests";
			productName = "Let Me Tip UITests";
			productReference = 569263BA1CDD8760008D6EEA /* Let Me Tip UITests.xctest */;
			productType = "com.apple.product-type.bundle.ui-testing";
		};
/* End PBXNativeTarget section */

/* Begin PBXProject section */
		5671C97A1AB79E9D00952EEB /* Project object */ = {
			isa = PBXProject;
			attributes = {
				LastSwiftMigration = 0700;
				LastSwiftUpdateCheck = 0730;
				LastUpgradeCheck = 0700;
				ORGANIZATIONNAME = "Grayson Smith";
				TargetAttributes = {
					5671C9811AB79E9D00952EEB = {
						CreatedOnToolsVersion = 6.2;
						DevelopmentTeam = Z6T84878UQ;
						SystemCapabilities = {
							com.apple.ApplicationGroups.iOS = {
								enabled = 1;
							};
							com.apple.GameCenter = {
								enabled = 0;
							};
							com.apple.InAppPurchase = {
								enabled = 0;
							};
							com.apple.Push = {
								enabled = 1;
							};
						};
					};
					5671C9B01AB79F8E00952EEB = {
						CreatedOnToolsVersion = 6.2;
						DevelopmentTeam = Z6T84878UQ;
						SystemCapabilities = {
							com.apple.ApplicationGroups.iOS = {
								enabled = 1;
							};
							com.apple.GameCenter = {
								enabled = 0;
							};
						};
					};
					5671C9BD1AB79F8E00952EEB = {
						CreatedOnToolsVersion = 6.2;
						DevelopmentTeam = Z6T84878UQ;
						SystemCapabilities = {
							com.apple.ApplicationGroups.iOS = {
								enabled = 1;
							};
						};
					};
					569263B91CDD8760008D6EEA = {
						CreatedOnToolsVersion = 7.3;
						TestTargetID = 5671C9811AB79E9D00952EEB;
					};
				};
			};
			buildConfigurationList = 5671C97D1AB79E9D00952EEB /* Build configuration list for PBXProject "Let Me Tip" */;
			compatibilityVersion = "Xcode 3.2";
			developmentRegion = English;
			hasScannedForEncodings = 0;
			knownRegions = (
				en,
				Base,
			);
			mainGroup = 5671C9791AB79E9D00952EEB;
			productRefGroup = 5671C9831AB79E9D00952EEB /* Products */;
			projectDirPath = "";
			projectRoot = "";
			targets = (
				5671C9811AB79E9D00952EEB /* Let Me Tip */,
				5671C9B01AB79F8E00952EEB /* Let Me Tip WatchKit Extension */,
				5671C9BD1AB79F8E00952EEB /* Let Me Tip WatchKit App */,
				569263B91CDD8760008D6EEA /* Let Me Tip UITests */,
			);
		};
/* End PBXProject section */

/* Begin PBXResourcesBuildPhase section */
		5671C9801AB79E9D00952EEB /* Resources */ = {
			isa = PBXResourcesBuildPhase;
			buildActionMask = 2147483647;
			files = (
				5664E59A1CDEBDBB00082AB7 /* Launch Screen.storyboard in Resources */,
				5671C9AC1AB79F0500952EEB /* Main.storyboard in Resources */,
				5671C98F1AB79E9D00952EEB /* Images.xcassets in Resources */,
			);
			runOnlyForDeploymentPostprocessing = 0;
		};
		5671C9AF1AB79F8E00952EEB /* Resources */ = {
			isa = PBXResourcesBuildPhase;
			buildActionMask = 2147483647;
			files = (
				5671C9BB1AB79F8E00952EEB /* Images.xcassets in Resources */,
			);
			runOnlyForDeploymentPostprocessing = 0;
		};
		5671C9BC1AB79F8E00952EEB /* Resources */ = {
			isa = PBXResourcesBuildPhase;
			buildActionMask = 2147483647;
			files = (
				5671C9C71AB79F8E00952EEB /* Interface.storyboard in Resources */,
				5671C9C91AB79F8E00952EEB /* Images.xcassets in Resources */,
			);
			runOnlyForDeploymentPostprocessing = 0;
		};
		569263B81CDD8760008D6EEA /* Resources */ = {
			isa = PBXResourcesBuildPhase;
			buildActionMask = 2147483647;
			files = (
			);
			runOnlyForDeploymentPostprocessing = 0;
		};
/* End PBXResourcesBuildPhase section */

/* Begin PBXShellScriptBuildPhase section */
		06B4AD0E50764C8BB998F075 /* 📦 Copy Pods Resources */ = {
			isa = PBXShellScriptBuildPhase;
			buildActionMask = 2147483647;
			files = (
			);
			inputPaths = (
			);
			name = "📦 Copy Pods Resources";
			outputPaths = (
			);
			runOnlyForDeploymentPostprocessing = 0;
			shellPath = /bin/sh;
			shellScript = "\"${SRCROOT}/Pods/Target Support Files/Pods-Let Me Tip/Pods-Let Me Tip-resources.sh\"\n";
			showEnvVarsInLog = 0;
		};
		8243C6644280639751BEBD3C /* 📦 Check Pods Manifest.lock */ = {
			isa = PBXShellScriptBuildPhase;
			buildActionMask = 2147483647;
			files = (
			);
			inputPaths = (
			);
			name = "📦 Check Pods Manifest.lock";
			outputPaths = (
			);
			runOnlyForDeploymentPostprocessing = 0;
			shellPath = /bin/sh;
			shellScript = "diff \"${PODS_ROOT}/../Podfile.lock\" \"${PODS_ROOT}/Manifest.lock\" > /dev/null\nif [[ $? != 0 ]] ; then\n    cat << EOM\nerror: The sandbox is not in sync with the Podfile.lock. Run 'pod install' or update your CocoaPods installation.\nEOM\n    exit 1\nfi\n";
			showEnvVarsInLog = 0;
		};
		FA735ECBDEB0ADFE468B9957 /* 📦 Embed Pods Frameworks */ = {
			isa = PBXShellScriptBuildPhase;
			buildActionMask = 2147483647;
			files = (
			);
			inputPaths = (
			);
			name = "📦 Embed Pods Frameworks";
			outputPaths = (
			);
			runOnlyForDeploymentPostprocessing = 0;
			shellPath = /bin/sh;
			shellScript = "\"${SRCROOT}/Pods/Target Support Files/Pods-Let Me Tip/Pods-Let Me Tip-frameworks.sh\"\n";
			showEnvVarsInLog = 0;
		};
/* End PBXShellScriptBuildPhase section */

/* Begin PBXSourcesBuildPhase section */
		5671C97E1AB79E9D00952EEB /* Sources */ = {
			isa = PBXSourcesBuildPhase;
			buildActionMask = 2147483647;
			files = (
				561772711CC2DC8700AC27F2 /* TipDataTypes.swift in Sources */,
				5671C9AA1AB79F0500952EEB /* ViewController.swift in Sources */,
				5671C9881AB79E9D00952EEB /* AppDelegate.swift in Sources */,
				5689BBE21ACF66D4003B4621 /* InfoViewController.swift in Sources */,
				56BD22691B522A5000051358 /* TipCalculatorModel.swift in Sources */,
				5617726F1CC28EEC00AC27F2 /* TipData.swift in Sources */,
			);
			runOnlyForDeploymentPostprocessing = 0;
		};
		5671C9AD1AB79F8E00952EEB /* Sources */ = {
			isa = PBXSourcesBuildPhase;
			buildActionMask = 2147483647;
			files = (
				561772741CC3FAC200AC27F2 /* TipDataTypes.swift in Sources */,
				56113B941ABA1EFB00033BCB /* CalculationDetailInterfaceController.swift in Sources */,
				56FB61C71CC6926E00D5BC57 /* DollarAmountPickerController.swift in Sources */,
				561772731CC3FAAE00AC27F2 /* TipCalculatorModel.swift in Sources */,
				561772751CC3FAC500AC27F2 /* TipData.swift in Sources */,
				56FB61C91CC6967D00D5BC57 /* TaxPercentagePickerController.swift in Sources */,
				56113B961ABA1F9700033BCB /* TotalOptionsViewController.swift in Sources */,
				5671C9B71AB79F8E00952EEB /* InterfaceController.swift in Sources */,
				56FB61CB1CC6968D00D5BC57 /* TipPercentagePickerController.swift in Sources */,
			);
			runOnlyForDeploymentPostprocessing = 0;
		};
		569263B61CDD8760008D6EEA /* Sources */ = {
			isa = PBXSourcesBuildPhase;
			buildActionMask = 2147483647;
			files = (
				569263BD1CDD8761008D6EEA /* Let_Me_Tip_UITests.swift in Sources */,
				569263C51CDD8B3C008D6EEA /* SnapshotHelper.swift in Sources */,
			);
			runOnlyForDeploymentPostprocessing = 0;
		};
/* End PBXSourcesBuildPhase section */

/* Begin PBXTargetDependency section */
		569263C01CDD8761008D6EEA /* PBXTargetDependency */ = {
			isa = PBXTargetDependency;
			target = 5671C9811AB79E9D00952EEB /* Let Me Tip */;
			targetProxy = 569263BF1CDD8761008D6EEA /* PBXContainerItemProxy */;
		};
		56BD22611B522A1F00051358 /* PBXTargetDependency */ = {
			isa = PBXTargetDependency;
			target = 5671C9B01AB79F8E00952EEB /* Let Me Tip WatchKit Extension */;
			targetProxy = 56BD22601B522A1F00051358 /* PBXContainerItemProxy */;
		};
		56BD22641B522A1F00051358 /* PBXTargetDependency */ = {
			isa = PBXTargetDependency;
			target = 5671C9BD1AB79F8E00952EEB /* Let Me Tip WatchKit App */;
			targetProxy = 56BD22631B522A1F00051358 /* PBXContainerItemProxy */;
		};
/* End PBXTargetDependency section */

/* Begin PBXVariantGroup section */
		5671C9C51AB79F8E00952EEB /* Interface.storyboard */ = {
			isa = PBXVariantGroup;
			children = (
				5671C9C61AB79F8E00952EEB /* Base */,
			);
			name = Interface.storyboard;
			sourceTree = "<group>";
		};
/* End PBXVariantGroup section */

/* Begin XCBuildConfiguration section */
		5671C99F1AB79E9D00952EEB /* Debug */ = {
			isa = XCBuildConfiguration;
			buildSettings = {
				ALWAYS_SEARCH_USER_PATHS = NO;
				CLANG_CXX_LANGUAGE_STANDARD = "gnu++0x";
				CLANG_CXX_LIBRARY = "libc++";
				CLANG_ENABLE_MODULES = YES;
				CLANG_ENABLE_OBJC_ARC = YES;
				CLANG_WARN_BOOL_CONVERSION = YES;
				CLANG_WARN_CONSTANT_CONVERSION = YES;
				CLANG_WARN_DIRECT_OBJC_ISA_USAGE = YES_ERROR;
				CLANG_WARN_EMPTY_BODY = YES;
				CLANG_WARN_ENUM_CONVERSION = YES;
				CLANG_WARN_INT_CONVERSION = YES;
				CLANG_WARN_OBJC_ROOT_CLASS = YES_ERROR;
				CLANG_WARN_UNREACHABLE_CODE = YES;
				CLANG_WARN__DUPLICATE_METHOD_MATCH = YES;
				CODE_SIGN_IDENTITY = "iPhone Developer";
				"CODE_SIGN_IDENTITY[sdk=iphoneos*]" = "iPhone Developer";
				COPY_PHASE_STRIP = NO;
				ENABLE_STRICT_OBJC_MSGSEND = YES;
				ENABLE_TESTABILITY = YES;
				GCC_C_LANGUAGE_STANDARD = gnu99;
				GCC_DYNAMIC_NO_PIC = NO;
				GCC_OPTIMIZATION_LEVEL = 0;
				GCC_PREPROCESSOR_DEFINITIONS = (
					"DEBUG=1",
					"$(inherited)",
				);
				GCC_SYMBOLS_PRIVATE_EXTERN = NO;
				GCC_WARN_64_TO_32_BIT_CONVERSION = YES;
				GCC_WARN_ABOUT_RETURN_TYPE = YES_ERROR;
				GCC_WARN_UNDECLARED_SELECTOR = YES;
				GCC_WARN_UNINITIALIZED_AUTOS = YES_AGGRESSIVE;
				GCC_WARN_UNUSED_FUNCTION = YES;
				GCC_WARN_UNUSED_VARIABLE = YES;
				IPHONEOS_DEPLOYMENT_TARGET = 9.0;
				MTL_ENABLE_DEBUG_INFO = YES;
				ONLY_ACTIVE_ARCH = YES;
				SDKROOT = iphoneos;
				SWIFT_OPTIMIZATION_LEVEL = "-Onone";
				TARGETED_DEVICE_FAMILY = "1,2";
			};
			name = Debug;
		};
		5671C9A01AB79E9D00952EEB /* Release */ = {
			isa = XCBuildConfiguration;
			buildSettings = {
				ALWAYS_SEARCH_USER_PATHS = NO;
				CLANG_CXX_LANGUAGE_STANDARD = "gnu++0x";
				CLANG_CXX_LIBRARY = "libc++";
				CLANG_ENABLE_MODULES = YES;
				CLANG_ENABLE_OBJC_ARC = YES;
				CLANG_WARN_BOOL_CONVERSION = YES;
				CLANG_WARN_CONSTANT_CONVERSION = YES;
				CLANG_WARN_DIRECT_OBJC_ISA_USAGE = YES_ERROR;
				CLANG_WARN_EMPTY_BODY = YES;
				CLANG_WARN_ENUM_CONVERSION = YES;
				CLANG_WARN_INT_CONVERSION = YES;
				CLANG_WARN_OBJC_ROOT_CLASS = YES_ERROR;
				CLANG_WARN_UNREACHABLE_CODE = YES;
				CLANG_WARN__DUPLICATE_METHOD_MATCH = YES;
				CODE_SIGN_IDENTITY = "iPhone Distribution";
				"CODE_SIGN_IDENTITY[sdk=iphoneos*]" = "iPhone Distribution";
				COPY_PHASE_STRIP = NO;
				ENABLE_NS_ASSERTIONS = NO;
				ENABLE_STRICT_OBJC_MSGSEND = YES;
				GCC_C_LANGUAGE_STANDARD = gnu99;
				GCC_WARN_64_TO_32_BIT_CONVERSION = YES;
				GCC_WARN_ABOUT_RETURN_TYPE = YES_ERROR;
				GCC_WARN_UNDECLARED_SELECTOR = YES;
				GCC_WARN_UNINITIALIZED_AUTOS = YES_AGGRESSIVE;
				GCC_WARN_UNUSED_FUNCTION = YES;
				GCC_WARN_UNUSED_VARIABLE = YES;
				IPHONEOS_DEPLOYMENT_TARGET = 9.0;
				MTL_ENABLE_DEBUG_INFO = NO;
				SDKROOT = iphoneos;
				TARGETED_DEVICE_FAMILY = "1,2";
				VALIDATE_PRODUCT = YES;
			};
			name = Release;
		};
		5671C9A21AB79E9D00952EEB /* Debug */ = {
			isa = XCBuildConfiguration;
			baseConfigurationReference = 0E0309C99E00CF6F73DD8D61 /* Pods-Let Me Tip.debug.xcconfig */;
			buildSettings = {
				ASSETCATALOG_COMPILER_APPICON_NAME = AppIcon;
				CODE_SIGN_ENTITLEMENTS = "Let Me Tip.entitlements";
				CODE_SIGN_IDENTITY = "iPhone Developer";
				"CODE_SIGN_IDENTITY[sdk=iphoneos*]" = "iPhone Developer";
				INFOPLIST_FILE = "Let Me Tip/Info.plist";
				IPHONEOS_DEPLOYMENT_TARGET = 9.0;
				LD_RUNPATH_SEARCH_PATHS = "$(inherited) @executable_path/Frameworks";
				PRODUCT_BUNDLE_IDENTIFIER = "com.grayson.Let-Me-Tip";
				PRODUCT_NAME = "Let Me Tip";
				PROVISIONING_PROFILE = "";
				SWIFT_OBJC_BRIDGING_HEADER = "$(SRCROOT)/Let Me Tip/bridging-header.h";
				TARGETED_DEVICE_FAMILY = 1;
			};
			name = Debug;
		};
		5671C9A31AB79E9D00952EEB /* Release */ = {
			isa = XCBuildConfiguration;
			baseConfigurationReference = ECA8736F8C06C16D2611A0D9 /* Pods-Let Me Tip.release.xcconfig */;
			buildSettings = {
				ASSETCATALOG_COMPILER_APPICON_NAME = AppIcon;
				CODE_SIGN_ENTITLEMENTS = "Let Me Tip.entitlements";
				CODE_SIGN_IDENTITY = "iPhone Distribution";
				"CODE_SIGN_IDENTITY[sdk=iphoneos*]" = "iPhone Distribution";
				INFOPLIST_FILE = "Let Me Tip/Info.plist";
				IPHONEOS_DEPLOYMENT_TARGET = 9.0;
				LD_RUNPATH_SEARCH_PATHS = "$(inherited) @executable_path/Frameworks";
				PRODUCT_BUNDLE_IDENTIFIER = "com.grayson.Let-Me-Tip";
				PRODUCT_NAME = "Let Me Tip";
				PROVISIONING_PROFILE = "";
				SWIFT_OBJC_BRIDGING_HEADER = "$(SRCROOT)/Let Me Tip/bridging-header.h";
				TARGETED_DEVICE_FAMILY = 1;
			};
			name = Release;
		};
		5671C9CE1AB79F8E00952EEB /* Debug */ = {
			isa = XCBuildConfiguration;
			buildSettings = {
				ASSETCATALOG_COMPILER_APPICON_NAME = AppIcon;
				CODE_SIGN_ENTITLEMENTS = "Let Me Tip WatchKit App.entitlements";
				CODE_SIGN_IDENTITY = "iPhone Developer";
				"CODE_SIGN_IDENTITY[sdk=iphoneos*]" = "iPhone Developer";
				"CODE_SIGN_IDENTITY[sdk=watchos*]" = "iPhone Developer";
				EMBEDDED_CONTENT_CONTAINS_SWIFT = YES;
				GCC_PREPROCESSOR_DEFINITIONS = (
					"DEBUG=1",
					"$(inherited)",
				);
				IBSC_MODULE = TipTest_WatchKit_Extension;
				INFOPLIST_FILE = "Let Me Tip WatchKit App/Info.plist";
				PRODUCT_BUNDLE_IDENTIFIER = "com.grayson.Let-Me-Tip.watchkitapp";
				PRODUCT_NAME = "Let Me Tip WatchKit App";
				PROVISIONING_PROFILE = "";
				SDKROOT = watchos;
				SKIP_INSTALL = YES;
				TARGETED_DEVICE_FAMILY = 4;
				WATCHOS_DEPLOYMENT_TARGET = 2.0;
			};
			name = Debug;
		};
		5671C9CF1AB79F8E00952EEB /* Release */ = {
			isa = XCBuildConfiguration;
			buildSettings = {
				ASSETCATALOG_COMPILER_APPICON_NAME = AppIcon;
				CODE_SIGN_ENTITLEMENTS = "Let Me Tip WatchKit App.entitlements";
				CODE_SIGN_IDENTITY = "iPhone Distribution";
				"CODE_SIGN_IDENTITY[sdk=iphoneos*]" = "iPhone Distribution";
				"CODE_SIGN_IDENTITY[sdk=watchos*]" = "iPhone Distribution";
				EMBEDDED_CONTENT_CONTAINS_SWIFT = YES;
				IBSC_MODULE = TipTest_WatchKit_Extension;
				INFOPLIST_FILE = "Let Me Tip WatchKit App/Info.plist";
				PRODUCT_BUNDLE_IDENTIFIER = "com.grayson.Let-Me-Tip.watchkitapp";
				PRODUCT_NAME = "Let Me Tip WatchKit App";
				PROVISIONING_PROFILE = "";
				SDKROOT = watchos;
				SKIP_INSTALL = YES;
				TARGETED_DEVICE_FAMILY = 4;
				WATCHOS_DEPLOYMENT_TARGET = 2.0;
			};
			name = Release;
		};
		5671C9D11AB79F8E00952EEB /* Debug */ = {
			isa = XCBuildConfiguration;
			buildSettings = {
				CODE_SIGN_ENTITLEMENTS = "Let Me Tip WatchKit Extension.entitlements";
				CODE_SIGN_IDENTITY = "iPhone Developer";
				"CODE_SIGN_IDENTITY[sdk=iphoneos*]" = "iPhone Developer";
				"CODE_SIGN_IDENTITY[sdk=watchos*]" = "iPhone Developer";
				GCC_PREPROCESSOR_DEFINITIONS = (
					"DEBUG=1",
					"$(inherited)",
				);
				INFOPLIST_FILE = "Let Me Tip WatchKit Extension/Info.plist";
				LD_RUNPATH_SEARCH_PATHS = "$(inherited) @executable_path/Frameworks @executable_path/../../Frameworks";
				PRODUCT_BUNDLE_IDENTIFIER = "com.grayson.Let-Me-Tip.watchkitapp.watchkitextension";
				PRODUCT_NAME = "Let Me Tip WatchKit Extension";
				PROVISIONING_PROFILE = "";
				SDKROOT = watchos;
				SKIP_INSTALL = YES;
				TARGETED_DEVICE_FAMILY = 4;
				WATCHOS_DEPLOYMENT_TARGET = 2.0;
			};
			name = Debug;
		};
		5671C9D21AB79F8E00952EEB /* Release */ = {
			isa = XCBuildConfiguration;
			buildSettings = {
				CODE_SIGN_ENTITLEMENTS = "Let Me Tip WatchKit Extension.entitlements";
				CODE_SIGN_IDENTITY = "iPhone Distribution";
				"CODE_SIGN_IDENTITY[sdk=iphoneos*]" = "iPhone Distribution";
				"CODE_SIGN_IDENTITY[sdk=watchos*]" = "iPhone Distribution";
				INFOPLIST_FILE = "Let Me Tip WatchKit Extension/Info.plist";
				LD_RUNPATH_SEARCH_PATHS = "$(inherited) @executable_path/Frameworks @executable_path/../../Frameworks";
				PRODUCT_BUNDLE_IDENTIFIER = "com.grayson.Let-Me-Tip.watchkitapp.watchkitextension";
				PRODUCT_NAME = "Let Me Tip WatchKit Extension";
				PROVISIONING_PROFILE = "";
				SDKROOT = watchos;
				SKIP_INSTALL = YES;
				TARGETED_DEVICE_FAMILY = 4;
				WATCHOS_DEPLOYMENT_TARGET = 2.0;
			};
			name = Release;
		};
		569263C21CDD8761008D6EEA /* Debug */ = {
			isa = XCBuildConfiguration;
			buildSettings = {
				CLANG_ANALYZER_NONNULL = YES;
				DEBUG_INFORMATION_FORMAT = dwarf;
				GCC_NO_COMMON_BLOCKS = YES;
				INFOPLIST_FILE = "Let Me Tip UITests/Info.plist";
				IPHONEOS_DEPLOYMENT_TARGET = 9.3;
				LD_RUNPATH_SEARCH_PATHS = "$(inherited) @executable_path/Frameworks @loader_path/Frameworks";
				PRODUCT_BUNDLE_IDENTIFIER = "com.grayson.Let-Me-Tip-UITests";
				PRODUCT_NAME = "$(TARGET_NAME)";
				TEST_TARGET_NAME = "Let Me Tip";
			};
			name = Debug;
		};
		569263C31CDD8761008D6EEA /* Release */ = {
			isa = XCBuildConfiguration;
			buildSettings = {
				CLANG_ANALYZER_NONNULL = YES;
				"CODE_SIGN_IDENTITY[sdk=iphoneos*]" = "iPhone Developer";
				DEBUG_INFORMATION_FORMAT = "dwarf-with-dsym";
				GCC_NO_COMMON_BLOCKS = YES;
				INFOPLIST_FILE = "Let Me Tip UITests/Info.plist";
				IPHONEOS_DEPLOYMENT_TARGET = 9.3;
				LD_RUNPATH_SEARCH_PATHS = "$(inherited) @executable_path/Frameworks @loader_path/Frameworks";
				PRODUCT_BUNDLE_IDENTIFIER = "com.grayson.Let-Me-Tip-UITests";
				PRODUCT_NAME = "$(TARGET_NAME)";
				TEST_TARGET_NAME = "Let Me Tip";
			};
			name = Release;
		};
/* End XCBuildConfiguration section */

/* Begin XCConfigurationList section */
		5671C97D1AB79E9D00952EEB /* Build configuration list for PBXProject "Let Me Tip" */ = {
			isa = XCConfigurationList;
			buildConfigurations = (
				5671C99F1AB79E9D00952EEB /* Debug */,
				5671C9A01AB79E9D00952EEB /* Release */,
			);
			defaultConfigurationIsVisible = 0;
			defaultConfigurationName = Release;
		};
		5671C9A11AB79E9D00952EEB /* Build configuration list for PBXNativeTarget "Let Me Tip" */ = {
			isa = XCConfigurationList;
			buildConfigurations = (
				5671C9A21AB79E9D00952EEB /* Debug */,
				5671C9A31AB79E9D00952EEB /* Release */,
			);
			defaultConfigurationIsVisible = 0;
			defaultConfigurationName = Release;
		};
		5671C9CD1AB79F8E00952EEB /* Build configuration list for PBXNativeTarget "Let Me Tip WatchKit App" */ = {
			isa = XCConfigurationList;
			buildConfigurations = (
				5671C9CE1AB79F8E00952EEB /* Debug */,
				5671C9CF1AB79F8E00952EEB /* Release */,
			);
			defaultConfigurationIsVisible = 0;
			defaultConfigurationName = Release;
		};
		5671C9D01AB79F8E00952EEB /* Build configuration list for PBXNativeTarget "Let Me Tip WatchKit Extension" */ = {
			isa = XCConfigurationList;
			buildConfigurations = (
				5671C9D11AB79F8E00952EEB /* Debug */,
				5671C9D21AB79F8E00952EEB /* Release */,
			);
			defaultConfigurationIsVisible = 0;
			defaultConfigurationName = Release;
		};
		569263C11CDD8761008D6EEA /* Build configuration list for PBXNativeTarget "Let Me Tip UITests" */ = {
			isa = XCConfigurationList;
			buildConfigurations = (
				569263C21CDD8761008D6EEA /* Debug */,
				569263C31CDD8761008D6EEA /* Release */,
			);
			defaultConfigurationIsVisible = 0;
			defaultConfigurationName = Release;
		};
/* End XCConfigurationList section */
	};
	rootObject = 5671C97A1AB79E9D00952EEB /* Project object */;
}
